// !$*UTF8*$!
{
	archiveVersion = 1;
	classes = {
	};
	objectVersion = 46;
	objects = {

/* Begin PBXBuildFile section */
		253CBBC61AF976DD008B5B2F /* AppDelegate.swift in Sources */ = {isa = PBXBuildFile; fileRef = 253CBBC51AF976DD008B5B2F /* AppDelegate.swift */; };
		253CBBC81AF976DD008B5B2F /* ViewController.swift in Sources */ = {isa = PBXBuildFile; fileRef = 253CBBC71AF976DD008B5B2F /* ViewController.swift */; };
		253CBBCB1AF976DD008B5B2F /* Main.storyboard in Resources */ = {isa = PBXBuildFile; fileRef = 253CBBC91AF976DD008B5B2F /* Main.storyboard */; };
		253CBBCD1AF976DD008B5B2F /* Images.xcassets in Resources */ = {isa = PBXBuildFile; fileRef = 253CBBCC1AF976DD008B5B2F /* Images.xcassets */; };
		253CBBD01AF976DD008B5B2F /* LaunchScreen.xib in Resources */ = {isa = PBXBuildFile; fileRef = 253CBBCE1AF976DD008B5B2F /* LaunchScreen.xib */; };
		253CBBDC1AF976DD008B5B2F /* ModiTests.swift in Sources */ = {isa = PBXBuildFile; fileRef = 253CBBDB1AF976DD008B5B2F /* ModiTests.swift */; };
/* End PBXBuildFile section */

/* Begin PBXContainerItemProxy section */
		253CBBD61AF976DD008B5B2F /* PBXContainerItemProxy */ = {
			isa = PBXContainerItemProxy;
			containerPortal = 253CBBB81AF976DD008B5B2F /* Project object */;
			proxyType = 1;
			remoteGlobalIDString = 253CBBBF1AF976DD008B5B2F;
			remoteInfo = Modi;
		};
/* End PBXContainerItemProxy section */

/* Begin PBXFileReference section */
		253CBBC01AF976DD008B5B2F /* Modi.app */ = {isa = PBXFileReference; explicitFileType = wrapper.application; includeInIndex = 0; path = Modi.app; sourceTree = BUILT_PRODUCTS_DIR; };
		253CBBC41AF976DD008B5B2F /* Info.plist */ = {isa = PBXFileReference; lastKnownFileType = text.plist.xml; path = Info.plist; sourceTree = "<group>"; };
		253CBBC51AF976DD008B5B2F /* AppDelegate.swift */ = {isa = PBXFileReference; lastKnownFileType = sourcecode.swift; path = AppDelegate.swift; sourceTree = "<group>"; };
		253CBBC71AF976DD008B5B2F /* ViewController.swift */ = {isa = PBXFileReference; lastKnownFileType = sourcecode.swift; path = ViewController.swift; sourceTree = "<group>"; };
		253CBBCA1AF976DD008B5B2F /* Base */ = {isa = PBXFileReference; lastKnownFileType = file.storyboard; name = Base; path = Base.lproj/Main.storyboard; sourceTree = "<group>"; };
		253CBBCC1AF976DD008B5B2F /* Images.xcassets */ = {isa = PBXFileReference; lastKnownFileType = folder.assetcatalog; path = Images.xcassets; sourceTree = "<group>"; };
		253CBBCF1AF976DD008B5B2F /* Base */ = {isa = PBXFileReference; lastKnownFileType = file.xib; name = Base; path = Base.lproj/LaunchScreen.xib; sourceTree = "<group>"; };
		253CBBD51AF976DD008B5B2F /* ModiTests.xctest */ = {isa = PBXFileReference; explicitFileType = wrapper.cfbundle; includeInIndex = 0; path = ModiTests.xctest; sourceTree = BUILT_PRODUCTS_DIR; };
		253CBBDA1AF976DD008B5B2F /* Info.plist */ = {isa = PBXFileReference; lastKnownFileType = text.plist.xml; path = Info.plist; sourceTree = "<group>"; };
		253CBBDB1AF976DD008B5B2F /* ModiTests.swift */ = {isa = PBXFileReference; lastKnownFileType = sourcecode.swift; path = ModiTests.swift; sourceTree = "<group>"; };
/* End PBXFileReference section */

/* Begin PBXFrameworksBuildPhase section */
		253CBBBD1AF976DD008B5B2F /* Frameworks */ = {
			isa = PBXFrameworksBuildPhase;
			buildActionMask = 2147483647;
			files = (
			);
			runOnlyForDeploymentPostprocessing = 0;
		};
		253CBBD21AF976DD008B5B2F /* Frameworks */ = {
			isa = PBXFrameworksBuildPhase;
			buildActionMask = 2147483647;
			files = (
			);
			runOnlyForDeploymentPostprocessing = 0;
		};
/* End PBXFrameworksBuildPhase section */

/* Begin PBXGroup section */
		253CBBB71AF976DD008B5B2F = {
			isa = PBXGroup;
			children = (
				253CBBC21AF976DD008B5B2F /* Modi */,
				253CBBD81AF976DD008B5B2F /* ModiTests */,
				253CBBC11AF976DD008B5B2F /* Products */,
			);
			sourceTree = "<group>";
		};
		253CBBC11AF976DD008B5B2F /* Products */ = {
			isa = PBXGroup;
			children = (
				253CBBC01AF976DD008B5B2F /* Modi.app */,
				253CBBD51AF976DD008B5B2F /* ModiTests.xctest */,
			);
			name = Products;
			sourceTree = "<group>";
		};
		253CBBC21AF976DD008B5B2F /* Modi */ = {
			isa = PBXGroup;
			children = (
				253CBBC51AF976DD008B5B2F /* AppDelegate.swift */,
				253CBBC71AF976DD008B5B2F /* ViewController.swift */,
				253CBBC91AF976DD008B5B2F /* Main.storyboard */,
				253CBBCC1AF976DD008B5B2F /* Images.xcassets */,
				253CBBCE1AF976DD008B5B2F /* LaunchScreen.xib */,
				253CBBC31AF976DD008B5B2F /* Supporting Files */,
			);
			path = Modi;
			sourceTree = "<group>";
		};
		253CBBC31AF976DD008B5B2F /* Supporting Files */ = {
			isa = PBXGroup;
			children = (
				253CBBC41AF976DD008B5B2F /* Info.plist */,
			);
			name = "Supporting Files";
			sourceTree = "<group>";
		};
		253CBBD81AF976DD008B5B2F /* ModiTests */ = {
			isa = PBXGroup;
			children = (
				253CBBDB1AF976DD008B5B2F /* ModiTests.swift */,
				253CBBD91AF976DD008B5B2F /* Supporting Files */,
			);
			path = ModiTests;
			sourceTree = "<group>";
		};
		253CBBD91AF976DD008B5B2F /* Supporting Files */ = {
			isa = PBXGroup;
			children = (
				253CBBDA1AF976DD008B5B2F /* Info.plist */,
			);
			name = "Supporting Files";
			sourceTree = "<group>";
		};
/* End PBXGroup section */

/* Begin PBXNativeTarget section */
		253CBBBF1AF976DD008B5B2F /* Modi */ = {
			isa = PBXNativeTarget;
			buildConfigurationList = 253CBBDF1AF976DD008B5B2F /* Build configuration list for PBXNativeTarget "Modi" */;
			buildPhases = (
				253CBBBC1AF976DD008B5B2F /* Sources */,
				253CBBBD1AF976DD008B5B2F /* Frameworks */,
				253CBBBE1AF976DD008B5B2F /* Resources */,
			);
			buildRules = (
			);
			dependencies = (
			);
			name = Modi;
			productName = Modi;
			productReference = 253CBBC01AF976DD008B5B2F /* Modi.app */;
			productType = "com.apple.product-type.application";
		};
		253CBBD41AF976DD008B5B2F /* ModiTests */ = {
			isa = PBXNativeTarget;
			buildConfigurationList = 253CBBE21AF976DD008B5B2F /* Build configuration list for PBXNativeTarget "ModiTests" */;
			buildPhases = (
				253CBBD11AF976DD008B5B2F /* Sources */,
				253CBBD21AF976DD008B5B2F /* Frameworks */,
				253CBBD31AF976DD008B5B2F /* Resources */,
			);
			buildRules = (
			);
			dependencies = (
				253CBBD71AF976DD008B5B2F /* PBXTargetDependency */,
			);
			name = ModiTests;
			productName = ModiTests;
			productReference = 253CBBD51AF976DD008B5B2F /* ModiTests.xctest */;
			productType = "com.apple.product-type.bundle.unit-test";
		};
/* End PBXNativeTarget section */

/* Begin PBXProject section */
		253CBBB81AF976DD008B5B2F /* Project object */ = {
			isa = PBXProject;
			attributes = {
				LastUpgradeCheck = 0630;
				ORGANIZATIONNAME = RASOFT;
				TargetAttributes = {
					253CBBBF1AF976DD008B5B2F = {
						CreatedOnToolsVersion = 6.3;
					};
					253CBBD41AF976DD008B5B2F = {
						CreatedOnToolsVersion = 6.3;
						TestTargetID = 253CBBBF1AF976DD008B5B2F;
					};
				};
			};
			buildConfigurationList = 253CBBBB1AF976DD008B5B2F /* Build configuration list for PBXProject "Modi" */;
			compatibilityVersion = "Xcode 3.2";
			developmentRegion = English;
			hasScannedForEncodings = 0;
			knownRegions = (
				en,
				Base,
			);
			mainGroup = 253CBBB71AF976DD008B5B2F;
			productRefGroup = 253CBBC11AF976DD008B5B2F /* Products */;
			projectDirPath = "";
			projectRoot = "";
			targets = (
				253CBBBF1AF976DD008B5B2F /* Modi */,
				253CBBD41AF976DD008B5B2F /* ModiTests */,
			);
		};
/* End PBXProject section */

/* Begin PBXResourcesBuildPhase section */
		253CBBBE1AF976DD008B5B2F /* Resources */ = {
			isa = PBXResourcesBuildPhase;
			buildActionMask = 2147483647;
			files = (
				253CBBCB1AF976DD008B5B2F /* Main.storyboard in Resources */,
				253CBBD01AF976DD008B5B2F /* LaunchScreen.xib in Resources */,
				253CBBCD1AF976DD008B5B2F /* Images.xcassets in Resources */,
			);
			runOnlyForDeploymentPostprocessing = 0;
		};
		253CBBD31AF976DD008B5B2F /* Resources */ = {
			isa = PBXResourcesBuildPhase;
			buildActionMask = 2147483647;
			files = (
			);
			runOnlyForDeploymentPostprocessing = 0;
		};
/* End PBXResourcesBuildPhase section */

/* Begin PBXSourcesBuildPhase section */
		253CBBBC1AF976DD008B5B2F /* Sources */ = {
			isa = PBXSourcesBuildPhase;
			buildActionMask = 2147483647;
			files = (
				253CBBC81AF976DD008B5B2F /* ViewController.swift in Sources */,
				253CBBC61AF976DD008B5B2F /* AppDelegate.swift in Sources */,
			);
			runOnlyForDeploymentPostprocessing = 0;
		};
		253CBBD11AF976DD008B5B2F /* Sources */ = {
			isa = PBXSourcesBuildPhase;
			buildActionMask = 2147483647;
			files = (
				253CBBDC1AF976DD008B5B2F /* ModiTests.swift in Sources */,
			);
			runOnlyForDeploymentPostprocessing = 0;
		};
/* End PBXSourcesBuildPhase section */

/* Begin PBXTargetDependency section */
		253CBBD71AF976DD008B5B2F /* PBXTargetDependency */ = {
			isa = PBXTargetDependency;
			target = 253CBBBF1AF976DD008B5B2F /* Modi */;
			targetProxy = 253CBBD61AF976DD008B5B2F /* PBXContainerItemProxy */;
		};
/* End PBXTargetDependency section */

/* Begin PBXVariantGroup section */
		253CBBC91AF976DD008B5B2F /* Main.storyboard */ = {
			isa = PBXVariantGroup;
			children = (
				253CBBCA1AF976DD008B5B2F /* Base */,
			);
			name = Main.storyboard;
			sourceTree = "<group>";
		};
		253CBBCE1AF976DD008B5B2F /* LaunchScreen.xib */ = {
			isa = PBXVariantGroup;
			children = (
				253CBBCF1AF976DD008B5B2F /* Base */,
			);
			name = LaunchScreen.xib;
			sourceTree = "<group>";
		};
/* End PBXVariantGroup section */

/* Begin XCBuildConfiguration section */
		253CBBDD1AF976DD008B5B2F /* Debug */ = {
			isa = XCBuildConfiguration;
			buildSettings = {
				ALWAYS_SEARCH_USER_PATHS = NO;
				CLANG_CXX_LANGUAGE_STANDARD = "gnu++0x";
				CLANG_CXX_LIBRARY = "libc++";
				CLANG_ENABLE_MODULES = YES;
				CLANG_ENABLE_OBJC_ARC = YES;
				CLANG_WARN_BOOL_CONVERSION = YES;
				CLANG_WARN_CONSTANT_CONVERSION = YES;
				CLANG_WARN_DIRECT_OBJC_ISA_USAGE = YES_ERROR;
				CLANG_WARN_EMPTY_BODY = YES;
				CLANG_WARN_ENUM_CONVERSION = YES;
				CLANG_WARN_INT_CONVERSION = YES;
				CLANG_WARN_OBJC_ROOT_CLASS = YES_ERROR;
				CLANG_WARN_UNREACHABLE_CODE = YES;
				CLANG_WARN__DUPLICATE_METHOD_MATCH = YES;
				"CODE_SIGN_IDENTITY[sdk=iphoneos*]" = "iPhone Developer";
				COPY_PHASE_STRIP = NO;
				DEBUG_INFORMATION_FORMAT = "dwarf-with-dsym";
				ENABLE_STRICT_OBJC_MSGSEND = YES;
				GCC_C_LANGUAGE_STANDARD = gnu99;
				GCC_DYNAMIC_NO_PIC = NO;
				GCC_NO_COMMON_BLOCKS = YES;
				GCC_OPTIMIZATION_LEVEL = 0;
				GCC_PREPROCESSOR_DEFINITIONS = (
					"DEBUG=1",
					"$(inherited)",
				);
				GCC_SYMBOLS_PRIVATE_EXTERN = NO;
				GCC_WARN_64_TO_32_BIT_CONVERSION = YES;
				GCC_WARN_ABOUT_RETURN_TYPE = YES_ERROR;
				GCC_WARN_UNDECLARED_SELECTOR = YES;
				GCC_WARN_UNINITIALIZED_AUTOS = YES_AGGRESSIVE;
				GCC_WARN_UNUSED_FUNCTION = YES;
				GCC_WARN_UNUSED_VARIABLE = YES;
				IPHONEOS_DEPLOYMENT_TARGET = 8.3;
				MTL_ENABLE_DEBUG_INFO = YES;
				ONLY_ACTIVE_ARCH = YES;
				SDKROOT = iphoneos;
				SWIFT_OPTIMIZATION_LEVEL = "-Onone";
			};
			name = Debug;
		};
		253CBBDE1AF976DD008B5B2F /* Release */ = {
			isa = XCBuildConfiguration;
			buildSettings = {
				ALWAYS_SEARCH_USER_PATHS = NO;
				CLANG_CXX_LANGUAGE_STANDARD = "gnu++0x";
				CLANG_CXX_LIBRARY = "libc++";
				CLANG_ENABLE_MODULES = YES;
				CLANG_ENABLE_OBJC_ARC = YES;
				CLANG_WARN_BOOL_CONVERSION = YES;
				CLANG_WARN_CONSTANT_CONVERSION = YES;
				CLANG_WARN_DIRECT_OBJC_ISA_USAGE = YES_ERROR;
				CLANG_WARN_EMPTY_BODY = YES;
				CLANG_WARN_ENUM_CONVERSION = YES;
				CLANG_WARN_INT_CONVERSION = YES;
				CLANG_WARN_OBJC_ROOT_CLASS = YES_ERROR;
				CLANG_WARN_UNREACHABLE_CODE = YES;
				CLANG_WARN__DUPLICATE_METHOD_MATCH = YES;
				"CODE_SIGN_IDENTITY[sdk=iphoneos*]" = "iPhone Developer";
				COPY_PHASE_STRIP = NO;
				DEBUG_INFORMATION_FORMAT = "dwarf-with-dsym";
				ENABLE_NS_ASSERTIONS = NO;
				ENABLE_STRICT_OBJC_MSGSEND = YES;
				GCC_C_LANGUAGE_STANDARD = gnu99;
				GCC_NO_COMMON_BLOCKS = YES;
				GCC_WARN_64_TO_32_BIT_CONVERSION = YES;
				GCC_WARN_ABOUT_RETURN_TYPE = YES_ERROR;
				GCC_WARN_UNDECLARED_SELECTOR = YES;
				GCC_WARN_UNINITIALIZED_AUTOS = YES_AGGRESSIVE;
				GCC_WARN_UNUSED_FUNCTION = YES;
				GCC_WARN_UNUSED_VARIABLE = YES;
				IPHONEOS_DEPLOYMENT_TARGET = 8.3;
				MTL_ENABLE_DEBUG_INFO = NO;
				SDKROOT = iphoneos;
				VALIDATE_PRODUCT = YES;
			};
			name = Release;
		};
		253CBBE01AF976DD008B5B2F /* Debug */ = {
			isa = XCBuildConfiguration;
			buildSettings = {
				ASSETCATALOG_COMPILER_APPICON_NAME = AppIcon;
				INFOPLIST_FILE = Modi/Info.plist;
				LD_RUNPATH_SEARCH_PATHS = "$(inherited) @executable_path/Frameworks";
				PRODUCT_NAME = "$(TARGET_NAME)";
			};
			name = Debug;
		};
		253CBBE11AF976DD008B5B2F /* Release */ = {
			isa = XCBuildConfiguration;
			buildSettings = {
				ASSETCATALOG_COMPILER_APPICON_NAME = AppIcon;
				INFOPLIST_FILE = Modi/Info.plist;
				LD_RUNPATH_SEARCH_PATHS = "$(inherited) @executable_path/Frameworks";
				PRODUCT_NAME = "$(TARGET_NAME)";
			};
			name = Release;
		};
		253CBBE31AF976DD008B5B2F /* Debug */ = {
			isa = XCBuildConfiguration;
			buildSettings = {
				BUNDLE_LOADER = "$(TEST_HOST)";
				FRAMEWORK_SEARCH_PATHS = (
					"$(SDKROOT)/Developer/Library/Frameworks",
					"$(inherited)",
				);
				GCC_PREPROCESSOR_DEFINITIONS = (
					"DEBUG=1",
					"$(inherited)",
				);
				INFOPLIST_FILE = ModiTests/Info.plist;
				LD_RUNPATH_SEARCH_PATHS = "$(inherited) @executable_path/Frameworks @loader_path/Frameworks";
				PRODUCT_NAME = "$(TARGET_NAME)";
				TEST_HOST = "$(BUILT_PRODUCTS_DIR)/Modi.app/Modi";
			};
			name = Debug;
		};
		253CBBE41AF976DD008B5B2F /* Release */ = {
			isa = XCBuildConfiguration;
			buildSettings = {
				BUNDLE_LOADER = "$(TEST_HOST)";
				FRAMEWORK_SEARCH_PATHS = (
					"$(SDKROOT)/Developer/Library/Frameworks",
					"$(inherited)",
				);
				INFOPLIST_FILE = ModiTests/Info.plist;
				LD_RUNPATH_SEARCH_PATHS = "$(inherited) @executable_path/Frameworks @loader_path/Frameworks";
				PRODUCT_NAME = "$(TARGET_NAME)";
				TEST_HOST = "$(BUILT_PRODUCTS_DIR)/Modi.app/Modi";
			};
			name = Release;
		};
/* End XCBuildConfiguration section */

/* Begin XCConfigurationList section */
		253CBBBB1AF976DD008B5B2F /* Build configuration list for PBXProject "Modi" */ = {
			isa = XCConfigurationList;
			buildConfigurations = (
				253CBBDD1AF976DD008B5B2F /* Debug */,
				253CBBDE1AF976DD008B5B2F /* Release */,
			);
			defaultConfigurationIsVisible = 0;
			defaultConfigurationName = Release;
		};
		253CBBDF1AF976DD008B5B2F /* Build configuration list for PBXNativeTarget "Modi" */ = {
			isa = XCConfigurationList;
			buildConfigurations = (
				253CBBE01AF976DD008B5B2F /* Debug */,
				253CBBE11AF976DD008B5B2F /* Release */,
			);
			defaultConfigurationIsVisible = 0;
		};
		253CBBE21AF976DD008B5B2F /* Build configuration list for PBXNativeTarget "ModiTests" */ = {
			isa = XCConfigurationList;
			buildConfigurations = (
				253CBBE31AF976DD008B5B2F /* Debug */,
				253CBBE41AF976DD008B5B2F /* Release */,
			);
			defaultConfigurationIsVisible = 0;
		};
/* End XCConfigurationList section */
	};
	rootObject = 253CBBB81AF976DD008B5B2F /* Project object */;
}
