// !$*UTF8*$!
{
	archiveVersion = 1;
	classes = {
	};
	objectVersion = 46;
	objects = {

/* Begin PBXBuildFile section */
		250C32331B0A5293004A10A5 /* usuario.png in Resources */ = {isa = PBXBuildFile; fileRef = 250C32311B0A5293004A10A5 /* usuario.png */; };
		250C32341B0A5293004A10A5 /* contrasena.png in Resources */ = {isa = PBXBuildFile; fileRef = 250C32321B0A5293004A10A5 /* contrasena.png */; };
		251099A41B7D087B001CFB57 /* Bariol_Regular.otf in Resources */ = {isa = PBXBuildFile; fileRef = 2510999B1B7D07AA001CFB57 /* Bariol_Regular.otf */; };
		251099A51B7D087B001CFB57 /* Bariol_Regular_Italic.otf in Resources */ = {isa = PBXBuildFile; fileRef = 2510999C1B7D07BA001CFB57 /* Bariol_Regular_Italic.otf */; };
		251099A61B7D087B001CFB57 /* Bariol_Bold_Italic.otf in Resources */ = {isa = PBXBuildFile; fileRef = 2510999D1B7D07CE001CFB57 /* Bariol_Bold_Italic.otf */; };
		251099A91B7D087B001CFB57 /* Bariol_Bold.otf in Resources */ = {isa = PBXBuildFile; fileRef = 251099A01B7D07FC001CFB57 /* Bariol_Bold.otf */; };
		251099AD1B7D1DC0001CFB57 /* qrLogo.png in Resources */ = {isa = PBXBuildFile; fileRef = 251099AC1B7D1DC0001CFB57 /* qrLogo.png */; };
		251719721AFD1CEF0013584A /* desayuno.png in Resources */ = {isa = PBXBuildFile; fileRef = 251719711AFD1CEE0013584A /* desayuno.png */; };
		251719741AFD24250013584A /* ScanViewController.swift in Sources */ = {isa = PBXBuildFile; fileRef = 251719731AFD24250013584A /* ScanViewController.swift */; };
		251719761AFD33890013584A /* ModiIcon@2x.png in Resources */ = {isa = PBXBuildFile; fileRef = 251719751AFD33890013584A /* ModiIcon@2x.png */; };
		2517197C1AFD6A980013584A /* Historial.png in Resources */ = {isa = PBXBuildFile; fileRef = 251719771AFD6A980013584A /* Historial.png */; };
		2517197D1AFD6A980013584A /* Configuracion.png in Resources */ = {isa = PBXBuildFile; fileRef = 251719781AFD6A980013584A /* Configuracion.png */; };
		2517197E1AFD6A980013584A /* Información.png in Resources */ = {isa = PBXBuildFile; fileRef = 251719791AFD6A980013584A /* Información.png */; };
		2517197F1AFD6A980013584A /* Pedido_actual.png in Resources */ = {isa = PBXBuildFile; fileRef = 2517197A1AFD6A980013584A /* Pedido_actual.png */; };
		251719801AFD6A980013584A /* Perfil.png in Resources */ = {isa = PBXBuildFile; fileRef = 2517197B1AFD6A980013584A /* Perfil.png */; };
		251B50E51B27CA660006EF14 /* SelectedRestaurantViewController.swift in Sources */ = {isa = PBXBuildFile; fileRef = 251B50E41B27CA660006EF14 /* SelectedRestaurantViewController.swift */; };
		251B50E71B27CB460006EF14 /* SelectedRestaurantTableViewCell.swift in Sources */ = {isa = PBXBuildFile; fileRef = 251B50E61B27CB460006EF14 /* SelectedRestaurantTableViewCell.swift */; };
		251B50E91B27CB5E0006EF14 /* SelectedRestaurantCollectionViewCell.swift in Sources */ = {isa = PBXBuildFile; fileRef = 251B50E81B27CB5E0006EF14 /* SelectedRestaurantCollectionViewCell.swift */; };
		251B5E661C06D76700773B1F /* PerfilViewController.swift in Sources */ = {isa = PBXBuildFile; fileRef = 251B5E651C06D76700773B1F /* PerfilViewController.swift */; };
		251C5DC51C0633A700B95517 /* PollViewController.swift in Sources */ = {isa = PBXBuildFile; fileRef = 251C5DC41C0633A700B95517 /* PollViewController.swift */; };
		251C5DC71C06443100B95517 /* cabeceraPoll.png in Resources */ = {isa = PBXBuildFile; fileRef = 251C5DC61C06443100B95517 /* cabeceraPoll.png */; };
		252115421AFAD107001E97F5 /* RestaurantCell.swift in Sources */ = {isa = PBXBuildFile; fileRef = 252115411AFAD107001E97F5 /* RestaurantCell.swift */; };
		252B0FCE1B20CBF100228E85 /* MyOrderViewController.swift in Sources */ = {isa = PBXBuildFile; fileRef = 252B0FCD1B20CBF100228E85 /* MyOrderViewController.swift */; };
		2534EEE91B46E53200BD6CA2 /* FBSDKCoreKit.framework in Frameworks */ = {isa = PBXBuildFile; fileRef = 2534EEE71B46E53200BD6CA2 /* FBSDKCoreKit.framework */; };
		2534EEEA1B46E53200BD6CA2 /* FBSDKLoginKit.framework in Frameworks */ = {isa = PBXBuildFile; fileRef = 2534EEE81B46E53200BD6CA2 /* FBSDKLoginKit.framework */; };
		2534EEF01B47115500BD6CA2 /* Fabric.framework in Frameworks */ = {isa = PBXBuildFile; fileRef = 2534EEEC1B47115500BD6CA2 /* Fabric.framework */; };
		2534EEF11B47115500BD6CA2 /* TwitterKit.framework in Frameworks */ = {isa = PBXBuildFile; fileRef = 2534EEED1B47115500BD6CA2 /* TwitterKit.framework */; };
		2534EEF21B47115500BD6CA2 /* TwitterKitResources.bundle in Resources */ = {isa = PBXBuildFile; fileRef = 2534EEEE1B47115500BD6CA2 /* TwitterKitResources.bundle */; };
		2534EEF31B47115500BD6CA2 /* TwitterCore.framework in Frameworks */ = {isa = PBXBuildFile; fileRef = 2534EEEF1B47115500BD6CA2 /* TwitterCore.framework */; };
		2534EEF51B4740AA00BD6CA2 /* cerrarSesion.png in Resources */ = {isa = PBXBuildFile; fileRef = 2534EEF41B4740AA00BD6CA2 /* cerrarSesion.png */; };
		253CBBC61AF976DD008B5B2F /* AppDelegate.swift in Sources */ = {isa = PBXBuildFile; fileRef = 253CBBC51AF976DD008B5B2F /* AppDelegate.swift */; };
		253CBBC81AF976DD008B5B2F /* ViewController.swift in Sources */ = {isa = PBXBuildFile; fileRef = 253CBBC71AF976DD008B5B2F /* ViewController.swift */; };
		253CBBCB1AF976DD008B5B2F /* Main.storyboard in Resources */ = {isa = PBXBuildFile; fileRef = 253CBBC91AF976DD008B5B2F /* Main.storyboard */; };
		253CBBCD1AF976DD008B5B2F /* Images.xcassets in Resources */ = {isa = PBXBuildFile; fileRef = 253CBBCC1AF976DD008B5B2F /* Images.xcassets */; };
		253CBBD01AF976DD008B5B2F /* LaunchScreen.xib in Resources */ = {isa = PBXBuildFile; fileRef = 253CBBCE1AF976DD008B5B2F /* LaunchScreen.xib */; };
		253CBBDC1AF976DD008B5B2F /* ModiTests.swift in Sources */ = {isa = PBXBuildFile; fileRef = 253CBBDB1AF976DD008B5B2F /* ModiTests.swift */; };
		253CBBE91AF9794C008B5B2F /* perfilImage.png in Resources */ = {isa = PBXBuildFile; fileRef = 253CBBE71AF9794C008B5B2F /* perfilImage.png */; };
		254CC21E1C238F94006CEA1A /* Interface.storyboard in Resources */ = {isa = PBXBuildFile; fileRef = 254CC21C1C238F94006CEA1A /* Interface.storyboard */; };
		254CC2201C238F94006CEA1A /* Assets.xcassets in Resources */ = {isa = PBXBuildFile; fileRef = 254CC21F1C238F94006CEA1A /* Assets.xcassets */; };
		254CC2271C238F94006CEA1A /* Modi Watch Extension.appex in Embed App Extensions */ = {isa = PBXBuildFile; fileRef = 254CC2261C238F94006CEA1A /* Modi Watch Extension.appex */; settings = {ATTRIBUTES = (RemoveHeadersOnCopy, ); }; };
		254CC22E1C238F94006CEA1A /* InterfaceController.swift in Sources */ = {isa = PBXBuildFile; fileRef = 254CC22D1C238F94006CEA1A /* InterfaceController.swift */; };
		254CC2301C238F94006CEA1A /* ExtensionDelegate.swift in Sources */ = {isa = PBXBuildFile; fileRef = 254CC22F1C238F94006CEA1A /* ExtensionDelegate.swift */; };
		254CC2321C238F94006CEA1A /* NotificationController.swift in Sources */ = {isa = PBXBuildFile; fileRef = 254CC2311C238F94006CEA1A /* NotificationController.swift */; };
		254CC2341C238F94006CEA1A /* Assets.xcassets in Resources */ = {isa = PBXBuildFile; fileRef = 254CC2331C238F94006CEA1A /* Assets.xcassets */; };
		254CC2381C238F94006CEA1A /* Modi Watch.app in Embed Watch Content */ = {isa = PBXBuildFile; fileRef = 254CC21A1C238F94006CEA1A /* Modi Watch.app */; };
		254CC2441C2391C1006CEA1A /* CategoriesTable.swift in Sources */ = {isa = PBXBuildFile; fileRef = 254CC2431C2391C1006CEA1A /* CategoriesTable.swift */; };
		254CDF9D1AFA808A00436098 /* RestaurantCollectionViewCell.swift in Sources */ = {isa = PBXBuildFile; fileRef = 254CDF9C1AFA808A00436098 /* RestaurantCollectionViewCell.swift */; };
		2557BB1C1B1E165700B970B2 /* FMDatabase.m in Sources */ = {isa = PBXBuildFile; fileRef = 2557BB131B1E165700B970B2 /* FMDatabase.m */; };
		2557BB1D1B1E165700B970B2 /* FMResultSet.m in Sources */ = {isa = PBXBuildFile; fileRef = 2557BB151B1E165700B970B2 /* FMResultSet.m */; };
		2557BB1E1B1E165700B970B2 /* FMDatabaseQueue.m in Sources */ = {isa = PBXBuildFile; fileRef = 2557BB171B1E165700B970B2 /* FMDatabaseQueue.m */; };
		2557BB1F1B1E165700B970B2 /* FMDatabaseAdditions.m in Sources */ = {isa = PBXBuildFile; fileRef = 2557BB191B1E165700B970B2 /* FMDatabaseAdditions.m */; };
		2557BB201B1E165700B970B2 /* FMDatabasePool.m in Sources */ = {isa = PBXBuildFile; fileRef = 2557BB1B1B1E165700B970B2 /* FMDatabasePool.m */; };
		2557BB231B1E619400B970B2 /* ConnectDB.swift in Sources */ = {isa = PBXBuildFile; fileRef = 2557BB221B1E619400B970B2 /* ConnectDB.swift */; };
		2557BB251B1E6A0300B970B2 /* libsqlite3.dylib in Frameworks */ = {isa = PBXBuildFile; fileRef = 2557BB241B1E6A0300B970B2 /* libsqlite3.dylib */; };
		255A224F1B28A33900E92EBB /* FoodDetailViewController.swift in Sources */ = {isa = PBXBuildFile; fileRef = 255A224E1B28A33900E92EBB /* FoodDetailViewController.swift */; };
		255A22511B28AFFF00E92EBB /* RestaurantDetailViewController.swift in Sources */ = {isa = PBXBuildFile; fileRef = 255A22501B28AFFF00E92EBB /* RestaurantDetailViewController.swift */; };
		255A22531B28BA8E00E92EBB /* MapViewController.swift in Sources */ = {isa = PBXBuildFile; fileRef = 255A22521B28BA8E00E92EBB /* MapViewController.swift */; };
		255A22551B28F01600E92EBB /* VCMapView.swift in Sources */ = {isa = PBXBuildFile; fileRef = 255A22541B28F01600E92EBB /* VCMapView.swift */; };
		25613BD61C2476F80095EAE5 /* RestaurantesInterfaceController.swift in Sources */ = {isa = PBXBuildFile; fileRef = 25613BD51C2476F80095EAE5 /* RestaurantesInterfaceController.swift */; };
		25613BD81C2477180095EAE5 /* RestaurantesTable.swift in Sources */ = {isa = PBXBuildFile; fileRef = 25613BD71C2477180095EAE5 /* RestaurantesTable.swift */; };
		25613BDA1C2481CE0095EAE5 /* SelectedRestaurantInterfaceController.swift in Sources */ = {isa = PBXBuildFile; fileRef = 25613BD91C2481CE0095EAE5 /* SelectedRestaurantInterfaceController.swift */; };
		25613BDC1C2485570095EAE5 /* MapInterfaceController.swift in Sources */ = {isa = PBXBuildFile; fileRef = 25613BDB1C2485570095EAE5 /* MapInterfaceController.swift */; };
		2561B9E51BAC64FA003B1F99 /* flecha-derecha.png in Resources */ = {isa = PBXBuildFile; fileRef = 2561B9E41BAC64FA003B1F99 /* flecha-derecha.png */; };
		2561B9E71BAC68D5003B1F99 /* SelectedCategoryViewController.swift in Sources */ = {isa = PBXBuildFile; fileRef = 2561B9E61BAC68D5003B1F99 /* SelectedCategoryViewController.swift */; };
		2561B9E91BAC70BD003B1F99 /* icono-mas.png in Resources */ = {isa = PBXBuildFile; fileRef = 2561B9E81BAC70BD003B1F99 /* icono-mas.png */; };
		2561B9EB1BAC722E003B1F99 /* SelectedCategoryTableViewCell.swift in Sources */ = {isa = PBXBuildFile; fileRef = 2561B9EA1BAC722E003B1F99 /* SelectedCategoryTableViewCell.swift */; };
		257CC3141C02C9A000214F2C /* PopupViewController.swift in Sources */ = {isa = PBXBuildFile; fileRef = 257CC3131C02C9A000214F2C /* PopupViewController.swift */; };
		258167AF1B7D517000C4FB33 /* FavCheckBox.swift in Sources */ = {isa = PBXBuildFile; fileRef = 258167AE1B7D517000C4FB33 /* FavCheckBox.swift */; };
		258167B21B7D51FE00C4FB33 /* checked_checkbox.png in Resources */ = {isa = PBXBuildFile; fileRef = 258167B01B7D51FE00C4FB33 /* checked_checkbox.png */; };
		258167B31B7D51FE00C4FB33 /* unchecked_checkbox.png in Resources */ = {isa = PBXBuildFile; fileRef = 258167B11B7D51FE00C4FB33 /* unchecked_checkbox.png */; };
		258167B71B7D707200C4FB33 /* locationIcon.png in Resources */ = {isa = PBXBuildFile; fileRef = 258167B51B7D707200C4FB33 /* locationIcon.png */; };
		258167B81B7D707200C4FB33 /* menuIcon.png in Resources */ = {isa = PBXBuildFile; fileRef = 258167B61B7D707200C4FB33 /* menuIcon.png */; };
		2584CA741C246C1B00EDD731 /* SwiftyJSON.swift in Sources */ = {isa = PBXBuildFile; fileRef = 2584CA731C246C1B00EDD731 /* SwiftyJSON.swift */; };
		2585D9761C2C7315004B3AE0 /* SF-UI-Display-Black.otf in Resources */ = {isa = PBXBuildFile; fileRef = 25EB390D1C0F881B00F8FA3F /* SF-UI-Display-Black.otf */; };
		2585D9771C2C7315004B3AE0 /* SF-UI-Display-Bold.otf in Resources */ = {isa = PBXBuildFile; fileRef = 25EB390E1C0F881B00F8FA3F /* SF-UI-Display-Bold.otf */; };
		2585D9781C2C7315004B3AE0 /* SF-UI-Display-Heavy.otf in Resources */ = {isa = PBXBuildFile; fileRef = 25EB390F1C0F881B00F8FA3F /* SF-UI-Display-Heavy.otf */; };
		2585D9791C2C7315004B3AE0 /* SF-UI-Display-Light.otf in Resources */ = {isa = PBXBuildFile; fileRef = 25EB39101C0F881B00F8FA3F /* SF-UI-Display-Light.otf */; };
		2585D97A1C2C7315004B3AE0 /* SF-UI-Display-Medium.otf in Resources */ = {isa = PBXBuildFile; fileRef = 25EB39111C0F881B00F8FA3F /* SF-UI-Display-Medium.otf */; };
		2585D97B1C2C7315004B3AE0 /* SF-UI-Display-Regular.otf in Resources */ = {isa = PBXBuildFile; fileRef = 25EB39121C0F881B00F8FA3F /* SF-UI-Display-Regular.otf */; };
		2585D97C1C2C7315004B3AE0 /* SF-UI-Display-Semibold.otf in Resources */ = {isa = PBXBuildFile; fileRef = 25EB39131C0F881B00F8FA3F /* SF-UI-Display-Semibold.otf */; };
		2585D97D1C2C7315004B3AE0 /* SF-UI-Display-Thin.otf in Resources */ = {isa = PBXBuildFile; fileRef = 25EB39141C0F881B00F8FA3F /* SF-UI-Display-Thin.otf */; };
		2585D97E1C2C7315004B3AE0 /* SF-UI-Display-Ultralight.otf in Resources */ = {isa = PBXBuildFile; fileRef = 25EB39151C0F881B00F8FA3F /* SF-UI-Display-Ultralight.otf */; };
		2585D97F1C2C7315004B3AE0 /* SF-UI-Text-Bold.otf in Resources */ = {isa = PBXBuildFile; fileRef = 25EB39161C0F881B00F8FA3F /* SF-UI-Text-Bold.otf */; };
		2585D9801C2C7315004B3AE0 /* SF-UI-Text-BoldItalic.otf in Resources */ = {isa = PBXBuildFile; fileRef = 25EB39171C0F881B00F8FA3F /* SF-UI-Text-BoldItalic.otf */; };
		2585D9811C2C7315004B3AE0 /* SF-UI-Text-Heavy.otf in Resources */ = {isa = PBXBuildFile; fileRef = 25EB39181C0F881B00F8FA3F /* SF-UI-Text-Heavy.otf */; };
		2585D9821C2C7315004B3AE0 /* SF-UI-Text-HeavyItalic.otf in Resources */ = {isa = PBXBuildFile; fileRef = 25EB39191C0F881B00F8FA3F /* SF-UI-Text-HeavyItalic.otf */; };
		2585D9831C2C7315004B3AE0 /* SF-UI-Text-Light.otf in Resources */ = {isa = PBXBuildFile; fileRef = 25EB391A1C0F881B00F8FA3F /* SF-UI-Text-Light.otf */; };
		2585D9841C2C7315004B3AE0 /* SF-UI-Text-LightItalic.otf in Resources */ = {isa = PBXBuildFile; fileRef = 25EB391B1C0F881B00F8FA3F /* SF-UI-Text-LightItalic.otf */; };
		2585D9851C2C7315004B3AE0 /* SF-UI-Text-Medium.otf in Resources */ = {isa = PBXBuildFile; fileRef = 25EB391C1C0F881B00F8FA3F /* SF-UI-Text-Medium.otf */; };
		2585D9861C2C7315004B3AE0 /* SF-UI-Text-MediumItalic.otf in Resources */ = {isa = PBXBuildFile; fileRef = 25EB391D1C0F881B00F8FA3F /* SF-UI-Text-MediumItalic.otf */; };
		2585D9871C2C7315004B3AE0 /* SF-UI-Text-Regular.otf in Resources */ = {isa = PBXBuildFile; fileRef = 25EB391E1C0F881B00F8FA3F /* SF-UI-Text-Regular.otf */; };
		2585D9881C2C7315004B3AE0 /* SF-UI-Text-RegularItalic.otf in Resources */ = {isa = PBXBuildFile; fileRef = 25EB391F1C0F881B00F8FA3F /* SF-UI-Text-RegularItalic.otf */; };
		2585D9891C2C7315004B3AE0 /* SF-UI-Text-Semibold.otf in Resources */ = {isa = PBXBuildFile; fileRef = 25EB39201C0F881B00F8FA3F /* SF-UI-Text-Semibold.otf */; };
		2585D98A1C2C7315004B3AE0 /* SF-UI-Text-SemiboldItalic.otf in Resources */ = {isa = PBXBuildFile; fileRef = 25EB39211C0F881B00F8FA3F /* SF-UI-Text-SemiboldItalic.otf */; };
		2590D6691BE00B4F008BF3A0 /* NewUserViewController.swift in Sources */ = {isa = PBXBuildFile; fileRef = 2590D6681BE00B4F008BF3A0 /* NewUserViewController.swift */; };
		25924F011C0A261000BE68F0 /* buscar-02.png in Resources */ = {isa = PBXBuildFile; fileRef = 25924EFD1C0A261000BE68F0 /* buscar-02.png */; };
		25924F021C0A261000BE68F0 /* home-02.png in Resources */ = {isa = PBXBuildFile; fileRef = 25924EFE1C0A261000BE68F0 /* home-02.png */; };
		25924F031C0A261000BE68F0 /* lista-02.png in Resources */ = {isa = PBXBuildFile; fileRef = 25924EFF1C0A261000BE68F0 /* lista-02.png */; };
		25924F041C0A261000BE68F0 /* shopping-02.png in Resources */ = {isa = PBXBuildFile; fileRef = 25924F001C0A261000BE68F0 /* shopping-02.png */; };
		2598B0651C0A089C003D2644 /* PrincipalTabBarViewController.swift in Sources */ = {isa = PBXBuildFile; fileRef = 2598B0641C0A089C003D2644 /* PrincipalTabBarViewController.swift */; };
		259B54B01B22242300C05372 /* ProfileTableViewCell.swift in Sources */ = {isa = PBXBuildFile; fileRef = 259B54AF1B22242300C05372 /* ProfileTableViewCell.swift */; };
		25A1B0461C067AFB00D81B8F /* HistorialViewController.swift in Sources */ = {isa = PBXBuildFile; fileRef = 25A1B0451C067AFB00D81B8F /* HistorialViewController.swift */; };
		25A1B0481C0684E800D81B8F /* HistorialTableViewCell.swift in Sources */ = {isa = PBXBuildFile; fileRef = 25A1B0471C0684E800D81B8F /* HistorialTableViewCell.swift */; };
		25AEA9E81C03FF5A0092433C /* icono-menos.png in Resources */ = {isa = PBXBuildFile; fileRef = 25AEA9E61C03FF5A0092433C /* icono-menos.png */; };
		25AEA9E91C03FF5A0092433C /* modipos.png in Resources */ = {isa = PBXBuildFile; fileRef = 25AEA9E71C03FF5A0092433C /* modipos.png */; };
		25B226A31B2213E00090FFF8 /* MyOrderTableViewCell.swift in Sources */ = {isa = PBXBuildFile; fileRef = 25B226A21B2213E00090FFF8 /* MyOrderTableViewCell.swift */; };
		25B230B31BACDB810056586E /* home.png in Resources */ = {isa = PBXBuildFile; fileRef = 25B230B21BACDB810056586E /* home.png */; };
		25B230B91BACDDC20056586E /* order.png in Resources */ = {isa = PBXBuildFile; fileRef = 25B230B61BACDDC20056586E /* order.png */; };
		25B230BA1BACDDC20056586E /* profile.png in Resources */ = {isa = PBXBuildFile; fileRef = 25B230B71BACDDC20056586E /* profile.png */; };
		25B230BB1BACDDC20056586E /* scan.png in Resources */ = {isa = PBXBuildFile; fileRef = 25B230B81BACDDC20056586E /* scan.png */; };
		25B601241C487EB800201F6C /* GoogleSignIn.bundle in Resources */ = {isa = PBXBuildFile; fileRef = 25B601221C487EB800201F6C /* GoogleSignIn.bundle */; };
		25B601251C487EB800201F6C /* GoogleSignIn.framework in Frameworks */ = {isa = PBXBuildFile; fileRef = 25B601231C487EB800201F6C /* GoogleSignIn.framework */; };
		25B601271C487ED100201F6C /* GoogleService-Info.plist in Resources */ = {isa = PBXBuildFile; fileRef = 25B601261C487ED100201F6C /* GoogleService-Info.plist */; };
		25B601291C487EF500201F6C /* StoreKit.framework in Frameworks */ = {isa = PBXBuildFile; fileRef = 25B601281C487EF500201F6C /* StoreKit.framework */; };
		25B6012B1C487F1300201F6C /* SystemConfiguration.framework in Frameworks */ = {isa = PBXBuildFile; fileRef = 25B6012A1C487F1300201F6C /* SystemConfiguration.framework */; };
		25B6012D1C487F1C00201F6C /* SafariServices.framework in Frameworks */ = {isa = PBXBuildFile; fileRef = 25B6012C1C487F1C00201F6C /* SafariServices.framework */; };
		25B6012F1C487F2600201F6C /* AdSupport.framework in Frameworks */ = {isa = PBXBuildFile; fileRef = 25B6012E1C487F2600201F6C /* AdSupport.framework */; };
		25B601311C487F2F00201F6C /* libz.tbd in Frameworks */ = {isa = PBXBuildFile; fileRef = 25B601301C487F2F00201F6C /* libz.tbd */; };
		25C806D71AF9AA9100BC78A5 /* SearchViewController.swift in Sources */ = {isa = PBXBuildFile; fileRef = 25C806D61AF9AA9100BC78A5 /* SearchViewController.swift */; };
		25C806DB1AF9AAB100BC78A5 /* ProfileViewController.swift in Sources */ = {isa = PBXBuildFile; fileRef = 25C806DA1AF9AAB100BC78A5 /* ProfileViewController.swift */; };
		25DA58A81BFED1C00070528A /* rate-.png in Resources */ = {isa = PBXBuildFile; fileRef = 25DA58A61BFED1C00070528A /* rate-.png */; };
		25DA58A91BFED1C00070528A /* rate+.png in Resources */ = {isa = PBXBuildFile; fileRef = 25DA58A71BFED1C00070528A /* rate+.png */; };
		25DB320E1C076D21008CAA55 /* DetailedTicketViewController.swift in Sources */ = {isa = PBXBuildFile; fileRef = 25DB320D1C076D21008CAA55 /* DetailedTicketViewController.swift */; };
		25DB32101C076E29008CAA55 /* DetailedTicketTableViewCell.swift in Sources */ = {isa = PBXBuildFile; fileRef = 25DB320F1C076E29008CAA55 /* DetailedTicketTableViewCell.swift */; };
		25E029991AFBC77C006EA3E2 /* MODI_login.png in Resources */ = {isa = PBXBuildFile; fileRef = 25E029981AFBC77C006EA3E2 /* MODI_login.png */; };
		25E7B7E51B2A9C11005B4006 /* VCSearchMapView.swift in Sources */ = {isa = PBXBuildFile; fileRef = 25E7B7E41B2A9C11005B4006 /* VCSearchMapView.swift */; };
		25E7B7E91B2AA842005B4006 /* facebook.png in Resources */ = {isa = PBXBuildFile; fileRef = 25E7B7E61B2AA842005B4006 /* facebook.png */; };
		25E7B7EA1B2AA842005B4006 /* twitter.png in Resources */ = {isa = PBXBuildFile; fileRef = 25E7B7E71B2AA842005B4006 /* twitter.png */; };
		25E7B7EB1B2AA842005B4006 /* google.png in Resources */ = {isa = PBXBuildFile; fileRef = 25E7B7E81B2AA842005B4006 /* google.png */; };
		25F520FC1BAB42EC0069E050 /* SwiftyJSON.swift in Sources */ = {isa = PBXBuildFile; fileRef = 25F520FB1BAB42EC0069E050 /* SwiftyJSON.swift */; };
/* End PBXBuildFile section */

/* Begin PBXContainerItemProxy section */
		253CBBD61AF976DD008B5B2F /* PBXContainerItemProxy */ = {
			isa = PBXContainerItemProxy;
			containerPortal = 253CBBB81AF976DD008B5B2F /* Project object */;
			proxyType = 1;
			remoteGlobalIDString = 253CBBBF1AF976DD008B5B2F;
			remoteInfo = Modi;
		};
		254CC2281C238F94006CEA1A /* PBXContainerItemProxy */ = {
			isa = PBXContainerItemProxy;
			containerPortal = 253CBBB81AF976DD008B5B2F /* Project object */;
			proxyType = 1;
			remoteGlobalIDString = 254CC2251C238F94006CEA1A;
			remoteInfo = "Modi Watch Extension";
		};
		254CC2361C238F94006CEA1A /* PBXContainerItemProxy */ = {
			isa = PBXContainerItemProxy;
			containerPortal = 253CBBB81AF976DD008B5B2F /* Project object */;
			proxyType = 1;
			remoteGlobalIDString = 254CC2191C238F94006CEA1A;
			remoteInfo = "Modi Watch";
		};
/* End PBXContainerItemProxy section */

/* Begin PBXCopyFilesBuildPhase section */
		254CC23E1C238F94006CEA1A /* Embed App Extensions */ = {
			isa = PBXCopyFilesBuildPhase;
			buildActionMask = 2147483647;
			dstPath = "";
			dstSubfolderSpec = 13;
			files = (
				254CC2271C238F94006CEA1A /* Modi Watch Extension.appex in Embed App Extensions */,
			);
			name = "Embed App Extensions";
			runOnlyForDeploymentPostprocessing = 0;
		};
		254CC2401C238F94006CEA1A /* Embed Watch Content */ = {
			isa = PBXCopyFilesBuildPhase;
			buildActionMask = 2147483647;
			dstPath = "$(CONTENTS_FOLDER_PATH)/Watch";
			dstSubfolderSpec = 16;
			files = (
				254CC2381C238F94006CEA1A /* Modi Watch.app in Embed Watch Content */,
			);
			name = "Embed Watch Content";
			runOnlyForDeploymentPostprocessing = 0;
		};
/* End PBXCopyFilesBuildPhase section */

/* Begin PBXFileReference section */
		250C32311B0A5293004A10A5 /* usuario.png */ = {isa = PBXFileReference; lastKnownFileType = image.png; path = usuario.png; sourceTree = "<group>"; };
		250C32321B0A5293004A10A5 /* contrasena.png */ = {isa = PBXFileReference; lastKnownFileType = image.png; path = contrasena.png; sourceTree = "<group>"; };
		2510999B1B7D07AA001CFB57 /* Bariol_Regular.otf */ = {isa = PBXFileReference; lastKnownFileType = file; path = Bariol_Regular.otf; sourceTree = "<group>"; };
		2510999C1B7D07BA001CFB57 /* Bariol_Regular_Italic.otf */ = {isa = PBXFileReference; lastKnownFileType = file; path = Bariol_Regular_Italic.otf; sourceTree = "<group>"; };
		2510999D1B7D07CE001CFB57 /* Bariol_Bold_Italic.otf */ = {isa = PBXFileReference; lastKnownFileType = file; path = Bariol_Bold_Italic.otf; sourceTree = "<group>"; };
		251099A01B7D07FC001CFB57 /* Bariol_Bold.otf */ = {isa = PBXFileReference; lastKnownFileType = file; path = Bariol_Bold.otf; sourceTree = "<group>"; };
		251099AC1B7D1DC0001CFB57 /* qrLogo.png */ = {isa = PBXFileReference; lastKnownFileType = image.png; path = qrLogo.png; sourceTree = "<group>"; };
		251719711AFD1CEE0013584A /* desayuno.png */ = {isa = PBXFileReference; lastKnownFileType = image.png; path = desayuno.png; sourceTree = "<group>"; };
		251719731AFD24250013584A /* ScanViewController.swift */ = {isa = PBXFileReference; fileEncoding = 4; lastKnownFileType = sourcecode.swift; path = ScanViewController.swift; sourceTree = "<group>"; };
		251719751AFD33890013584A /* ModiIcon@2x.png */ = {isa = PBXFileReference; lastKnownFileType = image.png; path = "ModiIcon@2x.png"; sourceTree = "<group>"; };
		251719771AFD6A980013584A /* Historial.png */ = {isa = PBXFileReference; lastKnownFileType = image.png; path = Historial.png; sourceTree = "<group>"; };
		251719781AFD6A980013584A /* Configuracion.png */ = {isa = PBXFileReference; lastKnownFileType = image.png; path = Configuracion.png; sourceTree = "<group>"; };
		251719791AFD6A980013584A /* Información.png */ = {isa = PBXFileReference; lastKnownFileType = image.png; path = "Información.png"; sourceTree = "<group>"; };
		2517197A1AFD6A980013584A /* Pedido_actual.png */ = {isa = PBXFileReference; lastKnownFileType = image.png; path = Pedido_actual.png; sourceTree = "<group>"; };
		2517197B1AFD6A980013584A /* Perfil.png */ = {isa = PBXFileReference; lastKnownFileType = image.png; path = Perfil.png; sourceTree = "<group>"; };
		251B50E41B27CA660006EF14 /* SelectedRestaurantViewController.swift */ = {isa = PBXFileReference; fileEncoding = 4; lastKnownFileType = sourcecode.swift; path = SelectedRestaurantViewController.swift; sourceTree = "<group>"; };
		251B50E61B27CB460006EF14 /* SelectedRestaurantTableViewCell.swift */ = {isa = PBXFileReference; fileEncoding = 4; lastKnownFileType = sourcecode.swift; path = SelectedRestaurantTableViewCell.swift; sourceTree = "<group>"; };
		251B50E81B27CB5E0006EF14 /* SelectedRestaurantCollectionViewCell.swift */ = {isa = PBXFileReference; fileEncoding = 4; lastKnownFileType = sourcecode.swift; path = SelectedRestaurantCollectionViewCell.swift; sourceTree = "<group>"; };
		251B5E651C06D76700773B1F /* PerfilViewController.swift */ = {isa = PBXFileReference; fileEncoding = 4; lastKnownFileType = sourcecode.swift; path = PerfilViewController.swift; sourceTree = "<group>"; };
		251C5DC41C0633A700B95517 /* PollViewController.swift */ = {isa = PBXFileReference; fileEncoding = 4; lastKnownFileType = sourcecode.swift; path = PollViewController.swift; sourceTree = "<group>"; };
		251C5DC61C06443100B95517 /* cabeceraPoll.png */ = {isa = PBXFileReference; lastKnownFileType = image.png; path = cabeceraPoll.png; sourceTree = "<group>"; };
		252115411AFAD107001E97F5 /* RestaurantCell.swift */ = {isa = PBXFileReference; fileEncoding = 4; lastKnownFileType = sourcecode.swift; path = RestaurantCell.swift; sourceTree = "<group>"; };
		252B0FCD1B20CBF100228E85 /* MyOrderViewController.swift */ = {isa = PBXFileReference; fileEncoding = 4; lastKnownFileType = sourcecode.swift; path = MyOrderViewController.swift; sourceTree = "<group>"; };
		2534EEE71B46E53200BD6CA2 /* FBSDKCoreKit.framework */ = {isa = PBXFileReference; lastKnownFileType = wrapper.framework; name = FBSDKCoreKit.framework; path = ../../FacebookSDK/FBSDKCoreKit.framework; sourceTree = "<group>"; };
		2534EEE81B46E53200BD6CA2 /* FBSDKLoginKit.framework */ = {isa = PBXFileReference; lastKnownFileType = wrapper.framework; name = FBSDKLoginKit.framework; path = ../../FacebookSDK/FBSDKLoginKit.framework; sourceTree = "<group>"; };
		2534EEEC1B47115500BD6CA2 /* Fabric.framework */ = {isa = PBXFileReference; lastKnownFileType = wrapper.framework; path = Fabric.framework; sourceTree = "<group>"; };
		2534EEED1B47115500BD6CA2 /* TwitterKit.framework */ = {isa = PBXFileReference; lastKnownFileType = wrapper.framework; path = TwitterKit.framework; sourceTree = "<group>"; };
		2534EEEE1B47115500BD6CA2 /* TwitterKitResources.bundle */ = {isa = PBXFileReference; lastKnownFileType = "wrapper.plug-in"; name = TwitterKitResources.bundle; path = TwitterKit.framework/Versions/A/Resources/TwitterKitResources.bundle; sourceTree = "<group>"; };
		2534EEEF1B47115500BD6CA2 /* TwitterCore.framework */ = {isa = PBXFileReference; lastKnownFileType = wrapper.framework; path = TwitterCore.framework; sourceTree = "<group>"; };
		2534EEF41B4740AA00BD6CA2 /* cerrarSesion.png */ = {isa = PBXFileReference; lastKnownFileType = image.png; path = cerrarSesion.png; sourceTree = "<group>"; };
		2534EEFC1B475B9800BD6CA2 /* Google-Bridging-header.h */ = {isa = PBXFileReference; lastKnownFileType = sourcecode.c.h; path = "Google-Bridging-header.h"; sourceTree = "<group>"; };
		253CBBC01AF976DD008B5B2F /* Modi.app */ = {isa = PBXFileReference; explicitFileType = wrapper.application; includeInIndex = 0; path = Modi.app; sourceTree = BUILT_PRODUCTS_DIR; };
		253CBBC41AF976DD008B5B2F /* Info.plist */ = {isa = PBXFileReference; lastKnownFileType = text.plist.xml; path = Info.plist; sourceTree = "<group>"; };
		253CBBC51AF976DD008B5B2F /* AppDelegate.swift */ = {isa = PBXFileReference; lastKnownFileType = sourcecode.swift; path = AppDelegate.swift; sourceTree = "<group>"; };
		253CBBC71AF976DD008B5B2F /* ViewController.swift */ = {isa = PBXFileReference; lastKnownFileType = sourcecode.swift; path = ViewController.swift; sourceTree = "<group>"; };
		253CBBCA1AF976DD008B5B2F /* Base */ = {isa = PBXFileReference; lastKnownFileType = file.storyboard; name = Base; path = Base.lproj/Main.storyboard; sourceTree = "<group>"; };
		253CBBCC1AF976DD008B5B2F /* Images.xcassets */ = {isa = PBXFileReference; lastKnownFileType = folder.assetcatalog; path = Images.xcassets; sourceTree = "<group>"; };
		253CBBCF1AF976DD008B5B2F /* Base */ = {isa = PBXFileReference; lastKnownFileType = file.xib; name = Base; path = Base.lproj/LaunchScreen.xib; sourceTree = "<group>"; };
		253CBBD51AF976DD008B5B2F /* ModiTests.xctest */ = {isa = PBXFileReference; explicitFileType = wrapper.cfbundle; includeInIndex = 0; path = ModiTests.xctest; sourceTree = BUILT_PRODUCTS_DIR; };
		253CBBDA1AF976DD008B5B2F /* Info.plist */ = {isa = PBXFileReference; lastKnownFileType = text.plist.xml; path = Info.plist; sourceTree = "<group>"; };
		253CBBDB1AF976DD008B5B2F /* ModiTests.swift */ = {isa = PBXFileReference; lastKnownFileType = sourcecode.swift; path = ModiTests.swift; sourceTree = "<group>"; };
		253CBBE71AF9794C008B5B2F /* perfilImage.png */ = {isa = PBXFileReference; lastKnownFileType = image.png; path = perfilImage.png; sourceTree = "<group>"; };
		254CC21A1C238F94006CEA1A /* Modi Watch.app */ = {isa = PBXFileReference; explicitFileType = wrapper.application; includeInIndex = 0; path = "Modi Watch.app"; sourceTree = BUILT_PRODUCTS_DIR; };
		254CC21D1C238F94006CEA1A /* Base */ = {isa = PBXFileReference; lastKnownFileType = file.storyboard; name = Base; path = Base.lproj/Interface.storyboard; sourceTree = "<group>"; };
		254CC21F1C238F94006CEA1A /* Assets.xcassets */ = {isa = PBXFileReference; lastKnownFileType = folder.assetcatalog; path = Assets.xcassets; sourceTree = "<group>"; };
		254CC2211C238F94006CEA1A /* Info.plist */ = {isa = PBXFileReference; lastKnownFileType = text.plist.xml; path = Info.plist; sourceTree = "<group>"; };
		254CC2261C238F94006CEA1A /* Modi Watch Extension.appex */ = {isa = PBXFileReference; explicitFileType = "wrapper.app-extension"; includeInIndex = 0; path = "Modi Watch Extension.appex"; sourceTree = BUILT_PRODUCTS_DIR; };
		254CC22C1C238F94006CEA1A /* PushNotificationPayload.apns */ = {isa = PBXFileReference; lastKnownFileType = text; path = PushNotificationPayload.apns; sourceTree = "<group>"; };
		254CC22D1C238F94006CEA1A /* InterfaceController.swift */ = {isa = PBXFileReference; lastKnownFileType = sourcecode.swift; path = InterfaceController.swift; sourceTree = "<group>"; };
		254CC22F1C238F94006CEA1A /* ExtensionDelegate.swift */ = {isa = PBXFileReference; lastKnownFileType = sourcecode.swift; path = ExtensionDelegate.swift; sourceTree = "<group>"; };
		254CC2311C238F94006CEA1A /* NotificationController.swift */ = {isa = PBXFileReference; lastKnownFileType = sourcecode.swift; path = NotificationController.swift; sourceTree = "<group>"; };
		254CC2331C238F94006CEA1A /* Assets.xcassets */ = {isa = PBXFileReference; lastKnownFileType = folder.assetcatalog; path = Assets.xcassets; sourceTree = "<group>"; };
		254CC2351C238F94006CEA1A /* Info.plist */ = {isa = PBXFileReference; lastKnownFileType = text.plist.xml; path = Info.plist; sourceTree = "<group>"; };
		254CC2431C2391C1006CEA1A /* CategoriesTable.swift */ = {isa = PBXFileReference; fileEncoding = 4; lastKnownFileType = sourcecode.swift; name = CategoriesTable.swift; path = ../CategoriesTable.swift; sourceTree = "<group>"; };
		254CDF9C1AFA808A00436098 /* RestaurantCollectionViewCell.swift */ = {isa = PBXFileReference; fileEncoding = 4; lastKnownFileType = sourcecode.swift; path = RestaurantCollectionViewCell.swift; sourceTree = "<group>"; };
		2557BB101B1E165700B970B2 /* Modi-Bridging-Header.h */ = {isa = PBXFileReference; lastKnownFileType = sourcecode.c.h; path = "Modi-Bridging-Header.h"; sourceTree = "<group>"; };
		2557BB111B1E165700B970B2 /* FMDB.h */ = {isa = PBXFileReference; fileEncoding = 4; lastKnownFileType = sourcecode.c.h; name = FMDB.h; path = fmdb/src/fmdb/FMDB.h; sourceTree = "<group>"; };
		2557BB121B1E165700B970B2 /* FMDatabase.h */ = {isa = PBXFileReference; fileEncoding = 4; lastKnownFileType = sourcecode.c.h; name = FMDatabase.h; path = fmdb/src/fmdb/FMDatabase.h; sourceTree = "<group>"; };
		2557BB131B1E165700B970B2 /* FMDatabase.m */ = {isa = PBXFileReference; fileEncoding = 4; lastKnownFileType = sourcecode.c.objc; name = FMDatabase.m; path = fmdb/src/fmdb/FMDatabase.m; sourceTree = "<group>"; };
		2557BB141B1E165700B970B2 /* FMResultSet.h */ = {isa = PBXFileReference; fileEncoding = 4; lastKnownFileType = sourcecode.c.h; name = FMResultSet.h; path = fmdb/src/fmdb/FMResultSet.h; sourceTree = "<group>"; };
		2557BB151B1E165700B970B2 /* FMResultSet.m */ = {isa = PBXFileReference; fileEncoding = 4; lastKnownFileType = sourcecode.c.objc; name = FMResultSet.m; path = fmdb/src/fmdb/FMResultSet.m; sourceTree = "<group>"; };
		2557BB161B1E165700B970B2 /* FMDatabaseQueue.h */ = {isa = PBXFileReference; fileEncoding = 4; lastKnownFileType = sourcecode.c.h; name = FMDatabaseQueue.h; path = fmdb/src/fmdb/FMDatabaseQueue.h; sourceTree = "<group>"; };
		2557BB171B1E165700B970B2 /* FMDatabaseQueue.m */ = {isa = PBXFileReference; fileEncoding = 4; lastKnownFileType = sourcecode.c.objc; name = FMDatabaseQueue.m; path = fmdb/src/fmdb/FMDatabaseQueue.m; sourceTree = "<group>"; };
		2557BB181B1E165700B970B2 /* FMDatabaseAdditions.h */ = {isa = PBXFileReference; fileEncoding = 4; lastKnownFileType = sourcecode.c.h; name = FMDatabaseAdditions.h; path = fmdb/src/fmdb/FMDatabaseAdditions.h; sourceTree = "<group>"; };
		2557BB191B1E165700B970B2 /* FMDatabaseAdditions.m */ = {isa = PBXFileReference; fileEncoding = 4; lastKnownFileType = sourcecode.c.objc; name = FMDatabaseAdditions.m; path = fmdb/src/fmdb/FMDatabaseAdditions.m; sourceTree = "<group>"; };
		2557BB1A1B1E165700B970B2 /* FMDatabasePool.h */ = {isa = PBXFileReference; fileEncoding = 4; lastKnownFileType = sourcecode.c.h; name = FMDatabasePool.h; path = fmdb/src/fmdb/FMDatabasePool.h; sourceTree = "<group>"; };
		2557BB1B1B1E165700B970B2 /* FMDatabasePool.m */ = {isa = PBXFileReference; fileEncoding = 4; lastKnownFileType = sourcecode.c.objc; name = FMDatabasePool.m; path = fmdb/src/fmdb/FMDatabasePool.m; sourceTree = "<group>"; };
		2557BB221B1E619400B970B2 /* ConnectDB.swift */ = {isa = PBXFileReference; fileEncoding = 4; lastKnownFileType = sourcecode.swift; path = ConnectDB.swift; sourceTree = "<group>"; };
		2557BB241B1E6A0300B970B2 /* libsqlite3.dylib */ = {isa = PBXFileReference; lastKnownFileType = "compiled.mach-o.dylib"; name = libsqlite3.dylib; path = usr/lib/libsqlite3.dylib; sourceTree = SDKROOT; };
		255A224E1B28A33900E92EBB /* FoodDetailViewController.swift */ = {isa = PBXFileReference; fileEncoding = 4; lastKnownFileType = sourcecode.swift; path = FoodDetailViewController.swift; sourceTree = "<group>"; };
		255A22501B28AFFF00E92EBB /* RestaurantDetailViewController.swift */ = {isa = PBXFileReference; fileEncoding = 4; lastKnownFileType = sourcecode.swift; path = RestaurantDetailViewController.swift; sourceTree = "<group>"; };
		255A22521B28BA8E00E92EBB /* MapViewController.swift */ = {isa = PBXFileReference; fileEncoding = 4; lastKnownFileType = sourcecode.swift; path = MapViewController.swift; sourceTree = "<group>"; };
		255A22541B28F01600E92EBB /* VCMapView.swift */ = {isa = PBXFileReference; fileEncoding = 4; lastKnownFileType = sourcecode.swift; path = VCMapView.swift; sourceTree = "<group>"; };
		25613BD51C2476F80095EAE5 /* RestaurantesInterfaceController.swift */ = {isa = PBXFileReference; fileEncoding = 4; lastKnownFileType = sourcecode.swift; path = RestaurantesInterfaceController.swift; sourceTree = "<group>"; };
		25613BD71C2477180095EAE5 /* RestaurantesTable.swift */ = {isa = PBXFileReference; fileEncoding = 4; lastKnownFileType = sourcecode.swift; path = RestaurantesTable.swift; sourceTree = "<group>"; };
		25613BD91C2481CE0095EAE5 /* SelectedRestaurantInterfaceController.swift */ = {isa = PBXFileReference; fileEncoding = 4; lastKnownFileType = sourcecode.swift; path = SelectedRestaurantInterfaceController.swift; sourceTree = "<group>"; };
		25613BDB1C2485570095EAE5 /* MapInterfaceController.swift */ = {isa = PBXFileReference; fileEncoding = 4; lastKnownFileType = sourcecode.swift; path = MapInterfaceController.swift; sourceTree = "<group>"; };
		2561B9E41BAC64FA003B1F99 /* flecha-derecha.png */ = {isa = PBXFileReference; lastKnownFileType = image.png; path = "flecha-derecha.png"; sourceTree = "<group>"; };
		2561B9E61BAC68D5003B1F99 /* SelectedCategoryViewController.swift */ = {isa = PBXFileReference; fileEncoding = 4; lastKnownFileType = sourcecode.swift; path = SelectedCategoryViewController.swift; sourceTree = "<group>"; };
		2561B9E81BAC70BD003B1F99 /* icono-mas.png */ = {isa = PBXFileReference; lastKnownFileType = image.png; name = "icono-mas.png"; path = "../Modi/icono-mas.png"; sourceTree = "<group>"; };
		2561B9EA1BAC722E003B1F99 /* SelectedCategoryTableViewCell.swift */ = {isa = PBXFileReference; fileEncoding = 4; lastKnownFileType = sourcecode.swift; path = SelectedCategoryTableViewCell.swift; sourceTree = "<group>"; };
		257CC3131C02C9A000214F2C /* PopupViewController.swift */ = {isa = PBXFileReference; fileEncoding = 4; lastKnownFileType = sourcecode.swift; path = PopupViewController.swift; sourceTree = "<group>"; };
		258167AE1B7D517000C4FB33 /* FavCheckBox.swift */ = {isa = PBXFileReference; fileEncoding = 4; lastKnownFileType = sourcecode.swift; path = FavCheckBox.swift; sourceTree = "<group>"; };
		258167B01B7D51FE00C4FB33 /* checked_checkbox.png */ = {isa = PBXFileReference; lastKnownFileType = image.png; path = checked_checkbox.png; sourceTree = "<group>"; };
		258167B11B7D51FE00C4FB33 /* unchecked_checkbox.png */ = {isa = PBXFileReference; lastKnownFileType = image.png; path = unchecked_checkbox.png; sourceTree = "<group>"; };
		258167B51B7D707200C4FB33 /* locationIcon.png */ = {isa = PBXFileReference; lastKnownFileType = image.png; path = locationIcon.png; sourceTree = "<group>"; };
		258167B61B7D707200C4FB33 /* menuIcon.png */ = {isa = PBXFileReference; lastKnownFileType = image.png; path = menuIcon.png; sourceTree = "<group>"; };
		2584CA731C246C1B00EDD731 /* SwiftyJSON.swift */ = {isa = PBXFileReference; fileEncoding = 4; lastKnownFileType = sourcecode.swift; path = SwiftyJSON.swift; sourceTree = "<group>"; };
		2590D6681BE00B4F008BF3A0 /* NewUserViewController.swift */ = {isa = PBXFileReference; fileEncoding = 4; lastKnownFileType = sourcecode.swift; path = NewUserViewController.swift; sourceTree = "<group>"; };
		25924EFD1C0A261000BE68F0 /* buscar-02.png */ = {isa = PBXFileReference; lastKnownFileType = image.png; path = "buscar-02.png"; sourceTree = "<group>"; };
		25924EFE1C0A261000BE68F0 /* home-02.png */ = {isa = PBXFileReference; lastKnownFileType = image.png; path = "home-02.png"; sourceTree = "<group>"; };
		25924EFF1C0A261000BE68F0 /* lista-02.png */ = {isa = PBXFileReference; lastKnownFileType = image.png; path = "lista-02.png"; sourceTree = "<group>"; };
		25924F001C0A261000BE68F0 /* shopping-02.png */ = {isa = PBXFileReference; lastKnownFileType = image.png; path = "shopping-02.png"; sourceTree = "<group>"; };
		2598B0641C0A089C003D2644 /* PrincipalTabBarViewController.swift */ = {isa = PBXFileReference; fileEncoding = 4; lastKnownFileType = sourcecode.swift; path = PrincipalTabBarViewController.swift; sourceTree = "<group>"; };
		259B54AF1B22242300C05372 /* ProfileTableViewCell.swift */ = {isa = PBXFileReference; fileEncoding = 4; lastKnownFileType = sourcecode.swift; path = ProfileTableViewCell.swift; sourceTree = "<group>"; };
		25A1B0451C067AFB00D81B8F /* HistorialViewController.swift */ = {isa = PBXFileReference; fileEncoding = 4; lastKnownFileType = sourcecode.swift; path = HistorialViewController.swift; sourceTree = "<group>"; };
		25A1B0471C0684E800D81B8F /* HistorialTableViewCell.swift */ = {isa = PBXFileReference; fileEncoding = 4; lastKnownFileType = sourcecode.swift; path = HistorialTableViewCell.swift; sourceTree = "<group>"; };
		25AEA9E61C03FF5A0092433C /* icono-menos.png */ = {isa = PBXFileReference; lastKnownFileType = image.png; path = "icono-menos.png"; sourceTree = "<group>"; };
		25AEA9E71C03FF5A0092433C /* modipos.png */ = {isa = PBXFileReference; lastKnownFileType = image.png; path = modipos.png; sourceTree = "<group>"; };
		25B226A21B2213E00090FFF8 /* MyOrderTableViewCell.swift */ = {isa = PBXFileReference; fileEncoding = 4; lastKnownFileType = sourcecode.swift; path = MyOrderTableViewCell.swift; sourceTree = "<group>"; };
		25B230B21BACDB810056586E /* home.png */ = {isa = PBXFileReference; lastKnownFileType = image.png; path = home.png; sourceTree = "<group>"; };
		25B230B61BACDDC20056586E /* order.png */ = {isa = PBXFileReference; lastKnownFileType = image.png; path = order.png; sourceTree = "<group>"; };
		25B230B71BACDDC20056586E /* profile.png */ = {isa = PBXFileReference; lastKnownFileType = image.png; path = profile.png; sourceTree = "<group>"; };
		25B230B81BACDDC20056586E /* scan.png */ = {isa = PBXFileReference; lastKnownFileType = image.png; path = scan.png; sourceTree = "<group>"; };
		25B601221C487EB800201F6C /* GoogleSignIn.bundle */ = {isa = PBXFileReference; lastKnownFileType = "wrapper.plug-in"; path = GoogleSignIn.bundle; sourceTree = "<group>"; };
		25B601231C487EB800201F6C /* GoogleSignIn.framework */ = {isa = PBXFileReference; lastKnownFileType = wrapper.framework; path = GoogleSignIn.framework; sourceTree = "<group>"; };
		25B601261C487ED100201F6C /* GoogleService-Info.plist */ = {isa = PBXFileReference; fileEncoding = 4; lastKnownFileType = text.plist.xml; path = "GoogleService-Info.plist"; sourceTree = "<group>"; };
		25B601281C487EF500201F6C /* StoreKit.framework */ = {isa = PBXFileReference; lastKnownFileType = wrapper.framework; name = StoreKit.framework; path = System/Library/Frameworks/StoreKit.framework; sourceTree = SDKROOT; };
		25B6012A1C487F1300201F6C /* SystemConfiguration.framework */ = {isa = PBXFileReference; lastKnownFileType = wrapper.framework; name = SystemConfiguration.framework; path = System/Library/Frameworks/SystemConfiguration.framework; sourceTree = SDKROOT; };
		25B6012C1C487F1C00201F6C /* SafariServices.framework */ = {isa = PBXFileReference; lastKnownFileType = wrapper.framework; name = SafariServices.framework; path = System/Library/Frameworks/SafariServices.framework; sourceTree = SDKROOT; };
		25B6012E1C487F2600201F6C /* AdSupport.framework */ = {isa = PBXFileReference; lastKnownFileType = wrapper.framework; name = AdSupport.framework; path = System/Library/Frameworks/AdSupport.framework; sourceTree = SDKROOT; };
		25B601301C487F2F00201F6C /* libz.tbd */ = {isa = PBXFileReference; lastKnownFileType = "sourcecode.text-based-dylib-definition"; name = libz.tbd; path = usr/lib/libz.tbd; sourceTree = SDKROOT; };
		25C806D61AF9AA9100BC78A5 /* SearchViewController.swift */ = {isa = PBXFileReference; fileEncoding = 4; lastKnownFileType = sourcecode.swift; path = SearchViewController.swift; sourceTree = "<group>"; };
		25C806DA1AF9AAB100BC78A5 /* ProfileViewController.swift */ = {isa = PBXFileReference; fileEncoding = 4; lastKnownFileType = sourcecode.swift; path = ProfileViewController.swift; sourceTree = "<group>"; };
		25DA58A61BFED1C00070528A /* rate-.png */ = {isa = PBXFileReference; lastKnownFileType = image.png; path = "rate-.png"; sourceTree = "<group>"; };
		25DA58A71BFED1C00070528A /* rate+.png */ = {isa = PBXFileReference; lastKnownFileType = image.png; path = "rate+.png"; sourceTree = "<group>"; };
		25DB320D1C076D21008CAA55 /* DetailedTicketViewController.swift */ = {isa = PBXFileReference; fileEncoding = 4; lastKnownFileType = sourcecode.swift; path = DetailedTicketViewController.swift; sourceTree = "<group>"; };
		25DB320F1C076E29008CAA55 /* DetailedTicketTableViewCell.swift */ = {isa = PBXFileReference; fileEncoding = 4; lastKnownFileType = sourcecode.swift; path = DetailedTicketTableViewCell.swift; sourceTree = "<group>"; };
		25E029981AFBC77C006EA3E2 /* MODI_login.png */ = {isa = PBXFileReference; lastKnownFileType = image.png; path = MODI_login.png; sourceTree = "<group>"; };
		25E7B7E41B2A9C11005B4006 /* VCSearchMapView.swift */ = {isa = PBXFileReference; fileEncoding = 4; lastKnownFileType = sourcecode.swift; path = VCSearchMapView.swift; sourceTree = "<group>"; };
		25E7B7E61B2AA842005B4006 /* facebook.png */ = {isa = PBXFileReference; lastKnownFileType = image.png; path = facebook.png; sourceTree = "<group>"; };
		25E7B7E71B2AA842005B4006 /* twitter.png */ = {isa = PBXFileReference; lastKnownFileType = image.png; path = twitter.png; sourceTree = "<group>"; };
		25E7B7E81B2AA842005B4006 /* google.png */ = {isa = PBXFileReference; lastKnownFileType = image.png; path = google.png; sourceTree = "<group>"; };
		25EB390D1C0F881B00F8FA3F /* SF-UI-Display-Black.otf */ = {isa = PBXFileReference; lastKnownFileType = file; path = "SF-UI-Display-Black.otf"; sourceTree = "<group>"; };
		25EB390E1C0F881B00F8FA3F /* SF-UI-Display-Bold.otf */ = {isa = PBXFileReference; lastKnownFileType = file; path = "SF-UI-Display-Bold.otf"; sourceTree = "<group>"; };
		25EB390F1C0F881B00F8FA3F /* SF-UI-Display-Heavy.otf */ = {isa = PBXFileReference; lastKnownFileType = file; path = "SF-UI-Display-Heavy.otf"; sourceTree = "<group>"; };
		25EB39101C0F881B00F8FA3F /* SF-UI-Display-Light.otf */ = {isa = PBXFileReference; lastKnownFileType = file; path = "SF-UI-Display-Light.otf"; sourceTree = "<group>"; };
		25EB39111C0F881B00F8FA3F /* SF-UI-Display-Medium.otf */ = {isa = PBXFileReference; lastKnownFileType = file; path = "SF-UI-Display-Medium.otf"; sourceTree = "<group>"; };
		25EB39121C0F881B00F8FA3F /* SF-UI-Display-Regular.otf */ = {isa = PBXFileReference; lastKnownFileType = file; path = "SF-UI-Display-Regular.otf"; sourceTree = "<group>"; };
		25EB39131C0F881B00F8FA3F /* SF-UI-Display-Semibold.otf */ = {isa = PBXFileReference; lastKnownFileType = file; path = "SF-UI-Display-Semibold.otf"; sourceTree = "<group>"; };
		25EB39141C0F881B00F8FA3F /* SF-UI-Display-Thin.otf */ = {isa = PBXFileReference; lastKnownFileType = file; path = "SF-UI-Display-Thin.otf"; sourceTree = "<group>"; };
		25EB39151C0F881B00F8FA3F /* SF-UI-Display-Ultralight.otf */ = {isa = PBXFileReference; lastKnownFileType = file; path = "SF-UI-Display-Ultralight.otf"; sourceTree = "<group>"; };
		25EB39161C0F881B00F8FA3F /* SF-UI-Text-Bold.otf */ = {isa = PBXFileReference; lastKnownFileType = file; path = "SF-UI-Text-Bold.otf"; sourceTree = "<group>"; };
		25EB39171C0F881B00F8FA3F /* SF-UI-Text-BoldItalic.otf */ = {isa = PBXFileReference; lastKnownFileType = file; path = "SF-UI-Text-BoldItalic.otf"; sourceTree = "<group>"; };
		25EB39181C0F881B00F8FA3F /* SF-UI-Text-Heavy.otf */ = {isa = PBXFileReference; lastKnownFileType = file; path = "SF-UI-Text-Heavy.otf"; sourceTree = "<group>"; };
		25EB39191C0F881B00F8FA3F /* SF-UI-Text-HeavyItalic.otf */ = {isa = PBXFileReference; lastKnownFileType = file; path = "SF-UI-Text-HeavyItalic.otf"; sourceTree = "<group>"; };
		25EB391A1C0F881B00F8FA3F /* SF-UI-Text-Light.otf */ = {isa = PBXFileReference; lastKnownFileType = file; path = "SF-UI-Text-Light.otf"; sourceTree = "<group>"; };
		25EB391B1C0F881B00F8FA3F /* SF-UI-Text-LightItalic.otf */ = {isa = PBXFileReference; lastKnownFileType = file; path = "SF-UI-Text-LightItalic.otf"; sourceTree = "<group>"; };
		25EB391C1C0F881B00F8FA3F /* SF-UI-Text-Medium.otf */ = {isa = PBXFileReference; lastKnownFileType = file; path = "SF-UI-Text-Medium.otf"; sourceTree = "<group>"; };
		25EB391D1C0F881B00F8FA3F /* SF-UI-Text-MediumItalic.otf */ = {isa = PBXFileReference; lastKnownFileType = file; path = "SF-UI-Text-MediumItalic.otf"; sourceTree = "<group>"; };
		25EB391E1C0F881B00F8FA3F /* SF-UI-Text-Regular.otf */ = {isa = PBXFileReference; lastKnownFileType = file; path = "SF-UI-Text-Regular.otf"; sourceTree = "<group>"; };
		25EB391F1C0F881B00F8FA3F /* SF-UI-Text-RegularItalic.otf */ = {isa = PBXFileReference; lastKnownFileType = file; path = "SF-UI-Text-RegularItalic.otf"; sourceTree = "<group>"; };
		25EB39201C0F881B00F8FA3F /* SF-UI-Text-Semibold.otf */ = {isa = PBXFileReference; lastKnownFileType = file; path = "SF-UI-Text-Semibold.otf"; sourceTree = "<group>"; };
		25EB39211C0F881B00F8FA3F /* SF-UI-Text-SemiboldItalic.otf */ = {isa = PBXFileReference; lastKnownFileType = file; path = "SF-UI-Text-SemiboldItalic.otf"; sourceTree = "<group>"; };
		25F520FB1BAB42EC0069E050 /* SwiftyJSON.swift */ = {isa = PBXFileReference; fileEncoding = 4; lastKnownFileType = sourcecode.swift; path = SwiftyJSON.swift; sourceTree = "<group>"; };
/* End PBXFileReference section */

/* Begin PBXFrameworksBuildPhase section */
		253CBBBD1AF976DD008B5B2F /* Frameworks */ = {
			isa = PBXFrameworksBuildPhase;
			buildActionMask = 2147483647;
			files = (
				25B601311C487F2F00201F6C /* libz.tbd in Frameworks */,
				25B6012F1C487F2600201F6C /* AdSupport.framework in Frameworks */,
				25B6012D1C487F1C00201F6C /* SafariServices.framework in Frameworks */,
				25B6012B1C487F1300201F6C /* SystemConfiguration.framework in Frameworks */,
				25B601291C487EF500201F6C /* StoreKit.framework in Frameworks */,
				25B601251C487EB800201F6C /* GoogleSignIn.framework in Frameworks */,
				2557BB251B1E6A0300B970B2 /* libsqlite3.dylib in Frameworks */,
				2534EEF31B47115500BD6CA2 /* TwitterCore.framework in Frameworks */,
				2534EEF11B47115500BD6CA2 /* TwitterKit.framework in Frameworks */,
				2534EEE91B46E53200BD6CA2 /* FBSDKCoreKit.framework in Frameworks */,
				2534EEEA1B46E53200BD6CA2 /* FBSDKLoginKit.framework in Frameworks */,
				2534EEF01B47115500BD6CA2 /* Fabric.framework in Frameworks */,
			);
			runOnlyForDeploymentPostprocessing = 0;
		};
		253CBBD21AF976DD008B5B2F /* Frameworks */ = {
			isa = PBXFrameworksBuildPhase;
			buildActionMask = 2147483647;
			files = (
			);
			runOnlyForDeploymentPostprocessing = 0;
		};
		254CC2231C238F94006CEA1A /* Frameworks */ = {
			isa = PBXFrameworksBuildPhase;
			buildActionMask = 2147483647;
			files = (
			);
			runOnlyForDeploymentPostprocessing = 0;
		};
/* End PBXFrameworksBuildPhase section */

/* Begin PBXGroup section */
		251099A31B7D0815001CFB57 /* Typography */ = {
			isa = PBXGroup;
			children = (
				2510999B1B7D07AA001CFB57 /* Bariol_Regular.otf */,
				2510999C1B7D07BA001CFB57 /* Bariol_Regular_Italic.otf */,
				2510999D1B7D07CE001CFB57 /* Bariol_Bold_Italic.otf */,
				251099A01B7D07FC001CFB57 /* Bariol_Bold.otf */,
				25EB390D1C0F881B00F8FA3F /* SF-UI-Display-Black.otf */,
				25EB390E1C0F881B00F8FA3F /* SF-UI-Display-Bold.otf */,
				25EB390F1C0F881B00F8FA3F /* SF-UI-Display-Heavy.otf */,
				25EB39101C0F881B00F8FA3F /* SF-UI-Display-Light.otf */,
				25EB39111C0F881B00F8FA3F /* SF-UI-Display-Medium.otf */,
				25EB39121C0F881B00F8FA3F /* SF-UI-Display-Regular.otf */,
				25EB39131C0F881B00F8FA3F /* SF-UI-Display-Semibold.otf */,
				25EB39141C0F881B00F8FA3F /* SF-UI-Display-Thin.otf */,
				25EB39151C0F881B00F8FA3F /* SF-UI-Display-Ultralight.otf */,
				25EB39161C0F881B00F8FA3F /* SF-UI-Text-Bold.otf */,
				25EB39171C0F881B00F8FA3F /* SF-UI-Text-BoldItalic.otf */,
				25EB39181C0F881B00F8FA3F /* SF-UI-Text-Heavy.otf */,
				25EB39191C0F881B00F8FA3F /* SF-UI-Text-HeavyItalic.otf */,
				25EB391A1C0F881B00F8FA3F /* SF-UI-Text-Light.otf */,
				25EB391B1C0F881B00F8FA3F /* SF-UI-Text-LightItalic.otf */,
				25EB391C1C0F881B00F8FA3F /* SF-UI-Text-Medium.otf */,
				25EB391D1C0F881B00F8FA3F /* SF-UI-Text-MediumItalic.otf */,
				25EB391E1C0F881B00F8FA3F /* SF-UI-Text-Regular.otf */,
				25EB391F1C0F881B00F8FA3F /* SF-UI-Text-RegularItalic.otf */,
				25EB39201C0F881B00F8FA3F /* SF-UI-Text-Semibold.otf */,
				25EB39211C0F881B00F8FA3F /* SF-UI-Text-SemiboldItalic.otf */,
			);
			name = Typography;
			sourceTree = "<group>";
		};
		251E999F1C0CB8C50064C8A4 /* My Order View Controller */ = {
			isa = PBXGroup;
			children = (
				252B0FCD1B20CBF100228E85 /* MyOrderViewController.swift */,
				25B226A21B2213E00090FFF8 /* MyOrderTableViewCell.swift */,
			);
			name = "My Order View Controller";
			sourceTree = "<group>";
		};
		2534EEFD1B475B9E00BD6CA2 /* Google header */ = {
			isa = PBXGroup;
			children = (
				2534EEFC1B475B9800BD6CA2 /* Google-Bridging-header.h */,
			);
			name = "Google header";
			sourceTree = "<group>";
		};
		253CBBB71AF976DD008B5B2F = {
			isa = PBXGroup;
			children = (
				25B601301C487F2F00201F6C /* libz.tbd */,
				25B6012E1C487F2600201F6C /* AdSupport.framework */,
				25B6012C1C487F1C00201F6C /* SafariServices.framework */,
				25B6012A1C487F1300201F6C /* SystemConfiguration.framework */,
				25B601281C487EF500201F6C /* StoreKit.framework */,
				25B601261C487ED100201F6C /* GoogleService-Info.plist */,
				25B601221C487EB800201F6C /* GoogleSignIn.bundle */,
				25B601231C487EB800201F6C /* GoogleSignIn.framework */,
				2534EEEC1B47115500BD6CA2 /* Fabric.framework */,
				2534EEED1B47115500BD6CA2 /* TwitterKit.framework */,
				2534EEEE1B47115500BD6CA2 /* TwitterKitResources.bundle */,
				2534EEEF1B47115500BD6CA2 /* TwitterCore.framework */,
				2534EEE71B46E53200BD6CA2 /* FBSDKCoreKit.framework */,
				2534EEE81B46E53200BD6CA2 /* FBSDKLoginKit.framework */,
				2557BB241B1E6A0300B970B2 /* libsqlite3.dylib */,
				253CBBC21AF976DD008B5B2F /* Modi */,
				253CBBE61AF97921008B5B2F /* Iconos */,
				253CBBD81AF976DD008B5B2F /* ModiTests */,
				254CC21B1C238F94006CEA1A /* Modi Watch */,
				254CC22A1C238F94006CEA1A /* Modi Watch Extension */,
				253CBBC11AF976DD008B5B2F /* Products */,
			);
			sourceTree = "<group>";
		};
		253CBBC11AF976DD008B5B2F /* Products */ = {
			isa = PBXGroup;
			children = (
				253CBBC01AF976DD008B5B2F /* Modi.app */,
				253CBBD51AF976DD008B5B2F /* ModiTests.xctest */,
				254CC21A1C238F94006CEA1A /* Modi Watch.app */,
				254CC2261C238F94006CEA1A /* Modi Watch Extension.appex */,
			);
			name = Products;
			sourceTree = "<group>";
		};
		253CBBC21AF976DD008B5B2F /* Modi */ = {
			isa = PBXGroup;
			children = (
				251099A31B7D0815001CFB57 /* Typography */,
				2557BB211B1E166700B970B2 /* fmdb */,
				253CBBC51AF976DD008B5B2F /* AppDelegate.swift */,
				253CBBC71AF976DD008B5B2F /* ViewController.swift */,
				2590D6681BE00B4F008BF3A0 /* NewUserViewController.swift */,
				253CBBC91AF976DD008B5B2F /* Main.storyboard */,
				253CBBCC1AF976DD008B5B2F /* Images.xcassets */,
				253CBBCE1AF976DD008B5B2F /* LaunchScreen.xib */,
				258167AE1B7D517000C4FB33 /* FavCheckBox.swift */,
				2557BB221B1E619400B970B2 /* ConnectDB.swift */,
				2598B0641C0A089C003D2644 /* PrincipalTabBarViewController.swift */,
				253CBBC31AF976DD008B5B2F /* Supporting Files */,
				25BEEAEC1B1F5DD3004522DD /* Home View Controller */,
				25BEEAED1B1F5E3F004522DD /* Scan View Controller */,
				251E999F1C0CB8C50064C8A4 /* My Order View Controller */,
				25BEEAEE1B1F5E6C004522DD /* Profile View Controller */,
				2534EEFD1B475B9E00BD6CA2 /* Google header */,
			);
			path = Modi;
			sourceTree = "<group>";
		};
		253CBBC31AF976DD008B5B2F /* Supporting Files */ = {
			isa = PBXGroup;
			children = (
				253CBBC41AF976DD008B5B2F /* Info.plist */,
			);
			name = "Supporting Files";
			sourceTree = "<group>";
		};
		253CBBD81AF976DD008B5B2F /* ModiTests */ = {
			isa = PBXGroup;
			children = (
				253CBBDB1AF976DD008B5B2F /* ModiTests.swift */,
				253CBBD91AF976DD008B5B2F /* Supporting Files */,
			);
			path = ModiTests;
			sourceTree = "<group>";
		};
		253CBBD91AF976DD008B5B2F /* Supporting Files */ = {
			isa = PBXGroup;
			children = (
				253CBBDA1AF976DD008B5B2F /* Info.plist */,
			);
			name = "Supporting Files";
			sourceTree = "<group>";
		};
		253CBBE61AF97921008B5B2F /* Iconos */ = {
			isa = PBXGroup;
			children = (
				25924EFD1C0A261000BE68F0 /* buscar-02.png */,
				25924EFE1C0A261000BE68F0 /* home-02.png */,
				25924EFF1C0A261000BE68F0 /* lista-02.png */,
				25924F001C0A261000BE68F0 /* shopping-02.png */,
				25B230B61BACDDC20056586E /* order.png */,
				25B230B71BACDDC20056586E /* profile.png */,
				251C5DC61C06443100B95517 /* cabeceraPoll.png */,
				25B230B81BACDDC20056586E /* scan.png */,
				25B230B21BACDB810056586E /* home.png */,
				25AEA9E61C03FF5A0092433C /* icono-menos.png */,
				25AEA9E71C03FF5A0092433C /* modipos.png */,
				2561B9E81BAC70BD003B1F99 /* icono-mas.png */,
				2561B9E41BAC64FA003B1F99 /* flecha-derecha.png */,
				25DA58A61BFED1C00070528A /* rate-.png */,
				25DA58A71BFED1C00070528A /* rate+.png */,
				258167B41B7D520600C4FB33 /* CheckBox images */,
				250C32311B0A5293004A10A5 /* usuario.png */,
				250C32321B0A5293004A10A5 /* contrasena.png */,
				251099AC1B7D1DC0001CFB57 /* qrLogo.png */,
				251719771AFD6A980013584A /* Historial.png */,
				251719781AFD6A980013584A /* Configuracion.png */,
				251719791AFD6A980013584A /* Información.png */,
				2517197A1AFD6A980013584A /* Pedido_actual.png */,
				2517197B1AFD6A980013584A /* Perfil.png */,
				251719751AFD33890013584A /* ModiIcon@2x.png */,
				251719711AFD1CEE0013584A /* desayuno.png */,
				25E029981AFBC77C006EA3E2 /* MODI_login.png */,
				25E7B7E61B2AA842005B4006 /* facebook.png */,
				25E7B7E71B2AA842005B4006 /* twitter.png */,
				2534EEF41B4740AA00BD6CA2 /* cerrarSesion.png */,
				25E7B7E81B2AA842005B4006 /* google.png */,
				253CBBE71AF9794C008B5B2F /* perfilImage.png */,
			);
			name = Iconos;
			path = Modi.xcodeproj;
			sourceTree = "<group>";
		};
		254CC21B1C238F94006CEA1A /* Modi Watch */ = {
			isa = PBXGroup;
			children = (
				254CC21C1C238F94006CEA1A /* Interface.storyboard */,
				254CC21F1C238F94006CEA1A /* Assets.xcassets */,
				254CC2211C238F94006CEA1A /* Info.plist */,
			);
			path = "Modi Watch";
			sourceTree = "<group>";
		};
		254CC22A1C238F94006CEA1A /* Modi Watch Extension */ = {
			isa = PBXGroup;
			children = (
				2584CA731C246C1B00EDD731 /* SwiftyJSON.swift */,
				254CC22D1C238F94006CEA1A /* InterfaceController.swift */,
				254CC2431C2391C1006CEA1A /* CategoriesTable.swift */,
				25613BD51C2476F80095EAE5 /* RestaurantesInterfaceController.swift */,
				25613BD71C2477180095EAE5 /* RestaurantesTable.swift */,
				25613BD91C2481CE0095EAE5 /* SelectedRestaurantInterfaceController.swift */,
				25613BDB1C2485570095EAE5 /* MapInterfaceController.swift */,
				254CC22F1C238F94006CEA1A /* ExtensionDelegate.swift */,
				254CC2311C238F94006CEA1A /* NotificationController.swift */,
				254CC2331C238F94006CEA1A /* Assets.xcassets */,
				254CC2351C238F94006CEA1A /* Info.plist */,
				254CC22B1C238F94006CEA1A /* Supporting Files */,
			);
			path = "Modi Watch Extension";
			sourceTree = "<group>";
		};
		254CC22B1C238F94006CEA1A /* Supporting Files */ = {
			isa = PBXGroup;
			children = (
				254CC22C1C238F94006CEA1A /* PushNotificationPayload.apns */,
			);
			name = "Supporting Files";
			sourceTree = "<group>";
		};
		2557BB211B1E166700B970B2 /* fmdb */ = {
			isa = PBXGroup;
			children = (
				25F520FB1BAB42EC0069E050 /* SwiftyJSON.swift */,
				2557BB111B1E165700B970B2 /* FMDB.h */,
				2557BB121B1E165700B970B2 /* FMDatabase.h */,
				2557BB131B1E165700B970B2 /* FMDatabase.m */,
				2557BB141B1E165700B970B2 /* FMResultSet.h */,
				2557BB151B1E165700B970B2 /* FMResultSet.m */,
				2557BB161B1E165700B970B2 /* FMDatabaseQueue.h */,
				2557BB171B1E165700B970B2 /* FMDatabaseQueue.m */,
				2557BB181B1E165700B970B2 /* FMDatabaseAdditions.h */,
				2557BB191B1E165700B970B2 /* FMDatabaseAdditions.m */,
				2557BB1A1B1E165700B970B2 /* FMDatabasePool.h */,
				2557BB1B1B1E165700B970B2 /* FMDatabasePool.m */,
				2557BB101B1E165700B970B2 /* Modi-Bridging-Header.h */,
			);
			name = fmdb;
			sourceTree = "<group>";
		};
		258167B41B7D520600C4FB33 /* CheckBox images */ = {
			isa = PBXGroup;
			children = (
				258167B51B7D707200C4FB33 /* locationIcon.png */,
				258167B61B7D707200C4FB33 /* menuIcon.png */,
				258167B01B7D51FE00C4FB33 /* checked_checkbox.png */,
				258167B11B7D51FE00C4FB33 /* unchecked_checkbox.png */,
			);
			name = "CheckBox images";
			sourceTree = "<group>";
		};
		25BEEAEC1B1F5DD3004522DD /* Home View Controller */ = {
			isa = PBXGroup;
			children = (
				25C806D61AF9AA9100BC78A5 /* SearchViewController.swift */,
				25E7B7E41B2A9C11005B4006 /* VCSearchMapView.swift */,
				252115411AFAD107001E97F5 /* RestaurantCell.swift */,
				254CDF9C1AFA808A00436098 /* RestaurantCollectionViewCell.swift */,
				255A22501B28AFFF00E92EBB /* RestaurantDetailViewController.swift */,
				257CC3131C02C9A000214F2C /* PopupViewController.swift */,
				251B50E61B27CB460006EF14 /* SelectedRestaurantTableViewCell.swift */,
				255A224E1B28A33900E92EBB /* FoodDetailViewController.swift */,
				251B50E81B27CB5E0006EF14 /* SelectedRestaurantCollectionViewCell.swift */,
				255A22521B28BA8E00E92EBB /* MapViewController.swift */,
				251B50E41B27CA660006EF14 /* SelectedRestaurantViewController.swift */,
				2561B9E61BAC68D5003B1F99 /* SelectedCategoryViewController.swift */,
				2561B9EA1BAC722E003B1F99 /* SelectedCategoryTableViewCell.swift */,
				255A22541B28F01600E92EBB /* VCMapView.swift */,
			);
			name = "Home View Controller";
			sourceTree = "<group>";
		};
		25BEEAED1B1F5E3F004522DD /* Scan View Controller */ = {
			isa = PBXGroup;
			children = (
				251719731AFD24250013584A /* ScanViewController.swift */,
			);
			name = "Scan View Controller";
			sourceTree = "<group>";
		};
		25BEEAEE1B1F5E6C004522DD /* Profile View Controller */ = {
			isa = PBXGroup;
			children = (
				25C806DA1AF9AAB100BC78A5 /* ProfileViewController.swift */,
				251B5E651C06D76700773B1F /* PerfilViewController.swift */,
				25A1B0451C067AFB00D81B8F /* HistorialViewController.swift */,
				25A1B0471C0684E800D81B8F /* HistorialTableViewCell.swift */,
				25DB320D1C076D21008CAA55 /* DetailedTicketViewController.swift */,
				25DB320F1C076E29008CAA55 /* DetailedTicketTableViewCell.swift */,
				251C5DC41C0633A700B95517 /* PollViewController.swift */,
				259B54AF1B22242300C05372 /* ProfileTableViewCell.swift */,
			);
			name = "Profile View Controller";
			sourceTree = "<group>";
		};
/* End PBXGroup section */

/* Begin PBXNativeTarget section */
		253CBBBF1AF976DD008B5B2F /* Modi */ = {
			isa = PBXNativeTarget;
			buildConfigurationList = 253CBBDF1AF976DD008B5B2F /* Build configuration list for PBXNativeTarget "Modi" */;
			buildPhases = (
				253CBBBC1AF976DD008B5B2F /* Sources */,
				253CBBBD1AF976DD008B5B2F /* Frameworks */,
				253CBBBE1AF976DD008B5B2F /* Resources */,
				2534EEEB1B4710EF00BD6CA2 /* ShellScript */,
				254CC2401C238F94006CEA1A /* Embed Watch Content */,
			);
			buildRules = (
			);
			dependencies = (
				254CC2371C238F94006CEA1A /* PBXTargetDependency */,
			);
			name = Modi;
			productName = Modi;
			productReference = 253CBBC01AF976DD008B5B2F /* Modi.app */;
			productType = "com.apple.product-type.application";
		};
		253CBBD41AF976DD008B5B2F /* ModiTests */ = {
			isa = PBXNativeTarget;
			buildConfigurationList = 253CBBE21AF976DD008B5B2F /* Build configuration list for PBXNativeTarget "ModiTests" */;
			buildPhases = (
				253CBBD11AF976DD008B5B2F /* Sources */,
				253CBBD21AF976DD008B5B2F /* Frameworks */,
				253CBBD31AF976DD008B5B2F /* Resources */,
			);
			buildRules = (
			);
			dependencies = (
				253CBBD71AF976DD008B5B2F /* PBXTargetDependency */,
			);
			name = ModiTests;
			productName = ModiTests;
			productReference = 253CBBD51AF976DD008B5B2F /* ModiTests.xctest */;
			productType = "com.apple.product-type.bundle.unit-test";
		};
		254CC2191C238F94006CEA1A /* Modi Watch */ = {
			isa = PBXNativeTarget;
			buildConfigurationList = 254CC23F1C238F94006CEA1A /* Build configuration list for PBXNativeTarget "Modi Watch" */;
			buildPhases = (
				254CC2181C238F94006CEA1A /* Resources */,
				254CC23E1C238F94006CEA1A /* Embed App Extensions */,
			);
			buildRules = (
			);
			dependencies = (
				254CC2291C238F94006CEA1A /* PBXTargetDependency */,
			);
			name = "Modi Watch";
			productName = "Modi Watch";
			productReference = 254CC21A1C238F94006CEA1A /* Modi Watch.app */;
			productType = "com.apple.product-type.application.watchapp2";
		};
		254CC2251C238F94006CEA1A /* Modi Watch Extension */ = {
			isa = PBXNativeTarget;
			buildConfigurationList = 254CC23D1C238F94006CEA1A /* Build configuration list for PBXNativeTarget "Modi Watch Extension" */;
			buildPhases = (
				254CC2221C238F94006CEA1A /* Sources */,
				254CC2231C238F94006CEA1A /* Frameworks */,
				254CC2241C238F94006CEA1A /* Resources */,
			);
			buildRules = (
			);
			dependencies = (
			);
			name = "Modi Watch Extension";
			productName = "Modi Watch Extension";
			productReference = 254CC2261C238F94006CEA1A /* Modi Watch Extension.appex */;
			productType = "com.apple.product-type.watchkit2-extension";
		};
/* End PBXNativeTarget section */

/* Begin PBXProject section */
		253CBBB81AF976DD008B5B2F /* Project object */ = {
			isa = PBXProject;
			attributes = {
				LastSwiftMigration = 0700;
				LastSwiftUpdateCheck = 0720;
				LastUpgradeCheck = 0720;
				ORGANIZATIONNAME = RASOFT;
				TargetAttributes = {
					253CBBBF1AF976DD008B5B2F = {
						CreatedOnToolsVersion = 6.3;
						DevelopmentTeam = 6VKPMZ9YA7;
					};
					253CBBD41AF976DD008B5B2F = {
						CreatedOnToolsVersion = 6.3;
						TestTargetID = 253CBBBF1AF976DD008B5B2F;
					};
					254CC2191C238F94006CEA1A = {
						CreatedOnToolsVersion = 7.2;
						DevelopmentTeam = 6VKPMZ9YA7;
					};
					254CC2251C238F94006CEA1A = {
						CreatedOnToolsVersion = 7.2;
					};
				};
			};
			buildConfigurationList = 253CBBBB1AF976DD008B5B2F /* Build configuration list for PBXProject "Modi" */;
			compatibilityVersion = "Xcode 3.2";
			developmentRegion = English;
			hasScannedForEncodings = 0;
			knownRegions = (
				en,
				Base,
			);
			mainGroup = 253CBBB71AF976DD008B5B2F;
			productRefGroup = 253CBBC11AF976DD008B5B2F /* Products */;
			projectDirPath = "";
			projectRoot = "";
			targets = (
				253CBBBF1AF976DD008B5B2F /* Modi */,
				253CBBD41AF976DD008B5B2F /* ModiTests */,
				254CC2191C238F94006CEA1A /* Modi Watch */,
				254CC2251C238F94006CEA1A /* Modi Watch Extension */,
			);
		};
/* End PBXProject section */

/* Begin PBXResourcesBuildPhase section */
		253CBBBE1AF976DD008B5B2F /* Resources */ = {
			isa = PBXResourcesBuildPhase;
			buildActionMask = 2147483647;
			files = (
				2585D9761C2C7315004B3AE0 /* SF-UI-Display-Black.otf in Resources */,
				2585D9771C2C7315004B3AE0 /* SF-UI-Display-Bold.otf in Resources */,
				2585D9781C2C7315004B3AE0 /* SF-UI-Display-Heavy.otf in Resources */,
				2585D9791C2C7315004B3AE0 /* SF-UI-Display-Light.otf in Resources */,
				2585D97A1C2C7315004B3AE0 /* SF-UI-Display-Medium.otf in Resources */,
				2585D97B1C2C7315004B3AE0 /* SF-UI-Display-Regular.otf in Resources */,
				2585D97C1C2C7315004B3AE0 /* SF-UI-Display-Semibold.otf in Resources */,
				2585D97D1C2C7315004B3AE0 /* SF-UI-Display-Thin.otf in Resources */,
				2585D97E1C2C7315004B3AE0 /* SF-UI-Display-Ultralight.otf in Resources */,
				2585D97F1C2C7315004B3AE0 /* SF-UI-Text-Bold.otf in Resources */,
				2585D9801C2C7315004B3AE0 /* SF-UI-Text-BoldItalic.otf in Resources */,
				2585D9811C2C7315004B3AE0 /* SF-UI-Text-Heavy.otf in Resources */,
				2585D9821C2C7315004B3AE0 /* SF-UI-Text-HeavyItalic.otf in Resources */,
				2585D9831C2C7315004B3AE0 /* SF-UI-Text-Light.otf in Resources */,
				2585D9841C2C7315004B3AE0 /* SF-UI-Text-LightItalic.otf in Resources */,
				2585D9851C2C7315004B3AE0 /* SF-UI-Text-Medium.otf in Resources */,
				2585D9861C2C7315004B3AE0 /* SF-UI-Text-MediumItalic.otf in Resources */,
				2585D9871C2C7315004B3AE0 /* SF-UI-Text-Regular.otf in Resources */,
				2585D9881C2C7315004B3AE0 /* SF-UI-Text-RegularItalic.otf in Resources */,
				2585D9891C2C7315004B3AE0 /* SF-UI-Text-Semibold.otf in Resources */,
				2585D98A1C2C7315004B3AE0 /* SF-UI-Text-SemiboldItalic.otf in Resources */,
				25B601241C487EB800201F6C /* GoogleSignIn.bundle in Resources */,
				251099A41B7D087B001CFB57 /* Bariol_Regular.otf in Resources */,
				2561B9E91BAC70BD003B1F99 /* icono-mas.png in Resources */,
				251099A51B7D087B001CFB57 /* Bariol_Regular_Italic.otf in Resources */,
				251099A61B7D087B001CFB57 /* Bariol_Bold_Italic.otf in Resources */,
				258167B31B7D51FE00C4FB33 /* unchecked_checkbox.png in Resources */,
				251099A91B7D087B001CFB57 /* Bariol_Bold.otf in Resources */,
				25DA58A81BFED1C00070528A /* rate-.png in Resources */,
				2534EEF21B47115500BD6CA2 /* TwitterKitResources.bundle in Resources */,
				25E7B7EB1B2AA842005B4006 /* google.png in Resources */,
				253CBBCB1AF976DD008B5B2F /* Main.storyboard in Resources */,
				258167B81B7D707200C4FB33 /* menuIcon.png in Resources */,
				25DA58A91BFED1C00070528A /* rate+.png in Resources */,
				25924F021C0A261000BE68F0 /* home-02.png in Resources */,
				25924F031C0A261000BE68F0 /* lista-02.png in Resources */,
				25924F011C0A261000BE68F0 /* buscar-02.png in Resources */,
				250C32331B0A5293004A10A5 /* usuario.png in Resources */,
				258167B71B7D707200C4FB33 /* locationIcon.png in Resources */,
				25B230B91BACDDC20056586E /* order.png in Resources */,
				258167B21B7D51FE00C4FB33 /* checked_checkbox.png in Resources */,
				25B601271C487ED100201F6C /* GoogleService-Info.plist in Resources */,
				2517197C1AFD6A980013584A /* Historial.png in Resources */,
				251719761AFD33890013584A /* ModiIcon@2x.png in Resources */,
				25AEA9E81C03FF5A0092433C /* icono-menos.png in Resources */,
				2517197E1AFD6A980013584A /* Información.png in Resources */,
				2517197D1AFD6A980013584A /* Configuracion.png in Resources */,
				2517197F1AFD6A980013584A /* Pedido_actual.png in Resources */,
				250C32341B0A5293004A10A5 /* contrasena.png in Resources */,
				25E029991AFBC77C006EA3E2 /* MODI_login.png in Resources */,
				25E7B7EA1B2AA842005B4006 /* twitter.png in Resources */,
				251719721AFD1CEF0013584A /* desayuno.png in Resources */,
				25B230BB1BACDDC20056586E /* scan.png in Resources */,
				253CBBE91AF9794C008B5B2F /* perfilImage.png in Resources */,
				25AEA9E91C03FF5A0092433C /* modipos.png in Resources */,
				25B230BA1BACDDC20056586E /* profile.png in Resources */,
				25B230B31BACDB810056586E /* home.png in Resources */,
				2534EEF51B4740AA00BD6CA2 /* cerrarSesion.png in Resources */,
				253CBBD01AF976DD008B5B2F /* LaunchScreen.xib in Resources */,
				2561B9E51BAC64FA003B1F99 /* flecha-derecha.png in Resources */,
				251099AD1B7D1DC0001CFB57 /* qrLogo.png in Resources */,
				253CBBCD1AF976DD008B5B2F /* Images.xcassets in Resources */,
				251C5DC71C06443100B95517 /* cabeceraPoll.png in Resources */,
				251719801AFD6A980013584A /* Perfil.png in Resources */,
				25E7B7E91B2AA842005B4006 /* facebook.png in Resources */,
				25924F041C0A261000BE68F0 /* shopping-02.png in Resources */,
			);
			runOnlyForDeploymentPostprocessing = 0;
		};
		253CBBD31AF976DD008B5B2F /* Resources */ = {
			isa = PBXResourcesBuildPhase;
			buildActionMask = 2147483647;
			files = (
			);
			runOnlyForDeploymentPostprocessing = 0;
		};
		254CC2181C238F94006CEA1A /* Resources */ = {
			isa = PBXResourcesBuildPhase;
			buildActionMask = 2147483647;
			files = (
				254CC2201C238F94006CEA1A /* Assets.xcassets in Resources */,
				254CC21E1C238F94006CEA1A /* Interface.storyboard in Resources */,
			);
			runOnlyForDeploymentPostprocessing = 0;
		};
		254CC2241C238F94006CEA1A /* Resources */ = {
			isa = PBXResourcesBuildPhase;
			buildActionMask = 2147483647;
			files = (
				254CC2341C238F94006CEA1A /* Assets.xcassets in Resources */,
			);
			runOnlyForDeploymentPostprocessing = 0;
		};
/* End PBXResourcesBuildPhase section */

/* Begin PBXShellScriptBuildPhase section */
		2534EEEB1B4710EF00BD6CA2 /* ShellScript */ = {
			isa = PBXShellScriptBuildPhase;
			buildActionMask = 2147483647;
			files = (
			);
			inputPaths = (
			);
			outputPaths = (
			);
			runOnlyForDeploymentPostprocessing = 0;
			shellPath = /bin/sh;
			shellScript = "./Fabric.framework/run 601bfc64f698e5cffc4696db8735febd3b51e9ad c5a943407ce309fb8b27e486f00852bace1bb87365292905f4dc3e51a52fb060";
		};
/* End PBXShellScriptBuildPhase section */

/* Begin PBXSourcesBuildPhase section */
		253CBBBC1AF976DD008B5B2F /* Sources */ = {
			isa = PBXSourcesBuildPhase;
			buildActionMask = 2147483647;
			files = (
				2590D6691BE00B4F008BF3A0 /* NewUserViewController.swift in Sources */,
				255A224F1B28A33900E92EBB /* FoodDetailViewController.swift in Sources */,
				255A22551B28F01600E92EBB /* VCMapView.swift in Sources */,
				25F520FC1BAB42EC0069E050 /* SwiftyJSON.swift in Sources */,
				252115421AFAD107001E97F5 /* RestaurantCell.swift in Sources */,
				2561B9E71BAC68D5003B1F99 /* SelectedCategoryViewController.swift in Sources */,
				25A1B0481C0684E800D81B8F /* HistorialTableViewCell.swift in Sources */,
				2561B9EB1BAC722E003B1F99 /* SelectedCategoryTableViewCell.swift in Sources */,
				25C806D71AF9AA9100BC78A5 /* SearchViewController.swift in Sources */,
				251C5DC51C0633A700B95517 /* PollViewController.swift in Sources */,
				259B54B01B22242300C05372 /* ProfileTableViewCell.swift in Sources */,
				252B0FCE1B20CBF100228E85 /* MyOrderViewController.swift in Sources */,
				251B50E71B27CB460006EF14 /* SelectedRestaurantTableViewCell.swift in Sources */,
				255A22511B28AFFF00E92EBB /* RestaurantDetailViewController.swift in Sources */,
				251B50E91B27CB5E0006EF14 /* SelectedRestaurantCollectionViewCell.swift in Sources */,
				253CBBC81AF976DD008B5B2F /* ViewController.swift in Sources */,
				251B50E51B27CA660006EF14 /* SelectedRestaurantViewController.swift in Sources */,
				25E7B7E51B2A9C11005B4006 /* VCSearchMapView.swift in Sources */,
				25C806DB1AF9AAB100BC78A5 /* ProfileViewController.swift in Sources */,
				2557BB1E1B1E165700B970B2 /* FMDatabaseQueue.m in Sources */,
				258167AF1B7D517000C4FB33 /* FavCheckBox.swift in Sources */,
				2557BB1F1B1E165700B970B2 /* FMDatabaseAdditions.m in Sources */,
				2557BB201B1E165700B970B2 /* FMDatabasePool.m in Sources */,
				2598B0651C0A089C003D2644 /* PrincipalTabBarViewController.swift in Sources */,
				25A1B0461C067AFB00D81B8F /* HistorialViewController.swift in Sources */,
				251B5E661C06D76700773B1F /* PerfilViewController.swift in Sources */,
				253CBBC61AF976DD008B5B2F /* AppDelegate.swift in Sources */,
				2557BB1D1B1E165700B970B2 /* FMResultSet.m in Sources */,
				2557BB231B1E619400B970B2 /* ConnectDB.swift in Sources */,
				25B226A31B2213E00090FFF8 /* MyOrderTableViewCell.swift in Sources */,
				254CDF9D1AFA808A00436098 /* RestaurantCollectionViewCell.swift in Sources */,
				2557BB1C1B1E165700B970B2 /* FMDatabase.m in Sources */,
				251719741AFD24250013584A /* ScanViewController.swift in Sources */,
				25DB320E1C076D21008CAA55 /* DetailedTicketViewController.swift in Sources */,
				255A22531B28BA8E00E92EBB /* MapViewController.swift in Sources */,
				257CC3141C02C9A000214F2C /* PopupViewController.swift in Sources */,
				25DB32101C076E29008CAA55 /* DetailedTicketTableViewCell.swift in Sources */,
			);
			runOnlyForDeploymentPostprocessing = 0;
		};
		253CBBD11AF976DD008B5B2F /* Sources */ = {
			isa = PBXSourcesBuildPhase;
			buildActionMask = 2147483647;
			files = (
				253CBBDC1AF976DD008B5B2F /* ModiTests.swift in Sources */,
			);
			runOnlyForDeploymentPostprocessing = 0;
		};
		254CC2221C238F94006CEA1A /* Sources */ = {
			isa = PBXSourcesBuildPhase;
			buildActionMask = 2147483647;
			files = (
				25613BD81C2477180095EAE5 /* RestaurantesTable.swift in Sources */,
				254CC2321C238F94006CEA1A /* NotificationController.swift in Sources */,
				254CC2301C238F94006CEA1A /* ExtensionDelegate.swift in Sources */,
				25613BDC1C2485570095EAE5 /* MapInterfaceController.swift in Sources */,
				25613BD61C2476F80095EAE5 /* RestaurantesInterfaceController.swift in Sources */,
				254CC2441C2391C1006CEA1A /* CategoriesTable.swift in Sources */,
				25613BDA1C2481CE0095EAE5 /* SelectedRestaurantInterfaceController.swift in Sources */,
				2584CA741C246C1B00EDD731 /* SwiftyJSON.swift in Sources */,
				254CC22E1C238F94006CEA1A /* InterfaceController.swift in Sources */,
			);
			runOnlyForDeploymentPostprocessing = 0;
		};
/* End PBXSourcesBuildPhase section */

/* Begin PBXTargetDependency section */
		253CBBD71AF976DD008B5B2F /* PBXTargetDependency */ = {
			isa = PBXTargetDependency;
			target = 253CBBBF1AF976DD008B5B2F /* Modi */;
			targetProxy = 253CBBD61AF976DD008B5B2F /* PBXContainerItemProxy */;
		};
		254CC2291C238F94006CEA1A /* PBXTargetDependency */ = {
			isa = PBXTargetDependency;
			target = 254CC2251C238F94006CEA1A /* Modi Watch Extension */;
			targetProxy = 254CC2281C238F94006CEA1A /* PBXContainerItemProxy */;
		};
		254CC2371C238F94006CEA1A /* PBXTargetDependency */ = {
			isa = PBXTargetDependency;
			target = 254CC2191C238F94006CEA1A /* Modi Watch */;
			targetProxy = 254CC2361C238F94006CEA1A /* PBXContainerItemProxy */;
		};
/* End PBXTargetDependency section */

/* Begin PBXVariantGroup section */
		253CBBC91AF976DD008B5B2F /* Main.storyboard */ = {
			isa = PBXVariantGroup;
			children = (
				253CBBCA1AF976DD008B5B2F /* Base */,
			);
			name = Main.storyboard;
			sourceTree = "<group>";
		};
		253CBBCE1AF976DD008B5B2F /* LaunchScreen.xib */ = {
			isa = PBXVariantGroup;
			children = (
				253CBBCF1AF976DD008B5B2F /* Base */,
			);
			name = LaunchScreen.xib;
			sourceTree = "<group>";
		};
		254CC21C1C238F94006CEA1A /* Interface.storyboard */ = {
			isa = PBXVariantGroup;
			children = (
				254CC21D1C238F94006CEA1A /* Base */,
			);
			name = Interface.storyboard;
			sourceTree = "<group>";
		};
/* End PBXVariantGroup section */

/* Begin XCBuildConfiguration section */
		253CBBDD1AF976DD008B5B2F /* Debug */ = {
			isa = XCBuildConfiguration;
			buildSettings = {
				ALWAYS_SEARCH_USER_PATHS = NO;
				CLANG_CXX_LANGUAGE_STANDARD = "gnu++0x";
				CLANG_CXX_LIBRARY = "libc++";
				CLANG_ENABLE_MODULES = YES;
				CLANG_ENABLE_OBJC_ARC = YES;
				CLANG_WARN_BOOL_CONVERSION = YES;
				CLANG_WARN_CONSTANT_CONVERSION = YES;
				CLANG_WARN_DIRECT_OBJC_ISA_USAGE = YES_ERROR;
				CLANG_WARN_EMPTY_BODY = YES;
				CLANG_WARN_ENUM_CONVERSION = YES;
				CLANG_WARN_INT_CONVERSION = YES;
				CLANG_WARN_OBJC_ROOT_CLASS = YES_ERROR;
				CLANG_WARN_UNREACHABLE_CODE = YES;
				CLANG_WARN__DUPLICATE_METHOD_MATCH = YES;
				"CODE_SIGN_IDENTITY[sdk=iphoneos*]" = "iPhone Developer";
				COPY_PHASE_STRIP = NO;
				DEBUG_INFORMATION_FORMAT = "dwarf-with-dsym";
				ENABLE_BITCODE = NO;
				ENABLE_STRICT_OBJC_MSGSEND = YES;
				ENABLE_TESTABILITY = YES;
				GCC_C_LANGUAGE_STANDARD = gnu99;
				GCC_DYNAMIC_NO_PIC = NO;
				GCC_NO_COMMON_BLOCKS = YES;
				GCC_OPTIMIZATION_LEVEL = 0;
				GCC_PREPROCESSOR_DEFINITIONS = (
					"DEBUG=1",
					"$(inherited)",
				);
				GCC_SYMBOLS_PRIVATE_EXTERN = NO;
				GCC_WARN_64_TO_32_BIT_CONVERSION = YES;
				GCC_WARN_ABOUT_RETURN_TYPE = YES_ERROR;
				GCC_WARN_UNDECLARED_SELECTOR = YES;
				GCC_WARN_UNINITIALIZED_AUTOS = YES_AGGRESSIVE;
				GCC_WARN_UNUSED_FUNCTION = YES;
				GCC_WARN_UNUSED_VARIABLE = YES;
				IPHONEOS_DEPLOYMENT_TARGET = 9.2;
				MTL_ENABLE_DEBUG_INFO = YES;
				ONLY_ACTIVE_ARCH = YES;
				SDKROOT = iphoneos;
				SWIFT_OPTIMIZATION_LEVEL = "-Onone";
			};
			name = Debug;
		};
		253CBBDE1AF976DD008B5B2F /* Release */ = {
			isa = XCBuildConfiguration;
			buildSettings = {
				ALWAYS_SEARCH_USER_PATHS = NO;
				CLANG_CXX_LANGUAGE_STANDARD = "gnu++0x";
				CLANG_CXX_LIBRARY = "libc++";
				CLANG_ENABLE_MODULES = YES;
				CLANG_ENABLE_OBJC_ARC = YES;
				CLANG_WARN_BOOL_CONVERSION = YES;
				CLANG_WARN_CONSTANT_CONVERSION = YES;
				CLANG_WARN_DIRECT_OBJC_ISA_USAGE = YES_ERROR;
				CLANG_WARN_EMPTY_BODY = YES;
				CLANG_WARN_ENUM_CONVERSION = YES;
				CLANG_WARN_INT_CONVERSION = YES;
				CLANG_WARN_OBJC_ROOT_CLASS = YES_ERROR;
				CLANG_WARN_UNREACHABLE_CODE = YES;
				CLANG_WARN__DUPLICATE_METHOD_MATCH = YES;
				"CODE_SIGN_IDENTITY[sdk=iphoneos*]" = "iPhone Developer";
				COPY_PHASE_STRIP = NO;
				DEBUG_INFORMATION_FORMAT = "dwarf-with-dsym";
				ENABLE_BITCODE = NO;
				ENABLE_NS_ASSERTIONS = NO;
				ENABLE_STRICT_OBJC_MSGSEND = YES;
				GCC_C_LANGUAGE_STANDARD = gnu99;
				GCC_NO_COMMON_BLOCKS = YES;
				GCC_WARN_64_TO_32_BIT_CONVERSION = YES;
				GCC_WARN_ABOUT_RETURN_TYPE = YES_ERROR;
				GCC_WARN_UNDECLARED_SELECTOR = YES;
				GCC_WARN_UNINITIALIZED_AUTOS = YES_AGGRESSIVE;
				GCC_WARN_UNUSED_FUNCTION = YES;
				GCC_WARN_UNUSED_VARIABLE = YES;
				IPHONEOS_DEPLOYMENT_TARGET = 9.2;
				MTL_ENABLE_DEBUG_INFO = NO;
				SDKROOT = iphoneos;
				VALIDATE_PRODUCT = YES;
			};
			name = Release;
		};
		253CBBE01AF976DD008B5B2F /* Debug */ = {
			isa = XCBuildConfiguration;
			buildSettings = {
				ASSETCATALOG_COMPILER_APPICON_NAME = AppIcon;
				CLANG_ENABLE_MODULES = YES;
				CODE_SIGN_IDENTITY = "iPhone Developer";
				"CODE_SIGN_IDENTITY[sdk=iphoneos*]" = "iPhone Developer";
				ENABLE_BITCODE = NO;
				FRAMEWORK_SEARCH_PATHS = (
					"$(inherited)",
					/Users/Ramses7083/Documents/FacebookSDK,
					"$(PROJECT_DIR)",
					"/Users/Ramses7083/Downloads/google-plus-ios-sdk-1.7.1",
				);
				INFOPLIST_FILE = Modi/Info.plist;
				LD_RUNPATH_SEARCH_PATHS = "$(inherited) @executable_path/Frameworks";
				OTHER_LDFLAGS = "-ObjC";
				PRODUCT_BUNDLE_IDENTIFIER = "rasoft.$(PRODUCT_NAME:rfc1034identifier)";
				PRODUCT_NAME = "$(TARGET_NAME)";
				PROVISIONING_PROFILE = "";
				SWIFT_OBJC_BRIDGING_HEADER = "Modi/Modi-Bridging-Header.h";
				SWIFT_OPTIMIZATION_LEVEL = "-Onone";
			};
			name = Debug;
		};
		253CBBE11AF976DD008B5B2F /* Release */ = {
			isa = XCBuildConfiguration;
			buildSettings = {
				ASSETCATALOG_COMPILER_APPICON_NAME = AppIcon;
				CLANG_ENABLE_MODULES = YES;
				CODE_SIGN_IDENTITY = "iPhone Developer";
				"CODE_SIGN_IDENTITY[sdk=iphoneos*]" = "iPhone Developer";
				ENABLE_BITCODE = NO;
				FRAMEWORK_SEARCH_PATHS = (
					"$(inherited)",
					/Users/Ramses7083/Documents/FacebookSDK,
					"$(PROJECT_DIR)",
					"/Users/Ramses7083/Downloads/google-plus-ios-sdk-1.7.1",
				);
				INFOPLIST_FILE = Modi/Info.plist;
				LD_RUNPATH_SEARCH_PATHS = "$(inherited) @executable_path/Frameworks";
				OTHER_LDFLAGS = "-ObjC";
				PRODUCT_BUNDLE_IDENTIFIER = "rasoft.$(PRODUCT_NAME:rfc1034identifier)";
				PRODUCT_NAME = "$(TARGET_NAME)";
				PROVISIONING_PROFILE = "";
				SWIFT_OBJC_BRIDGING_HEADER = "Modi/Modi-Bridging-Header.h";
				"SWIFT_OPTIMIZATION_LEVEL[arch=*]" = "-O";
			};
			name = Release;
		};
		253CBBE31AF976DD008B5B2F /* Debug */ = {
			isa = XCBuildConfiguration;
			buildSettings = {
				BUNDLE_LOADER = "$(TEST_HOST)";
				FRAMEWORK_SEARCH_PATHS = "";
				GCC_PREPROCESSOR_DEFINITIONS = (
					"DEBUG=1",
					"$(inherited)",
				);
				INFOPLIST_FILE = ModiTests/Info.plist;
				LD_RUNPATH_SEARCH_PATHS = "$(inherited) @executable_path/Frameworks @loader_path/Frameworks";
				PRODUCT_BUNDLE_IDENTIFIER = "rasoft.$(PRODUCT_NAME:rfc1034identifier)";
				PRODUCT_NAME = "$(TARGET_NAME)";
				TEST_HOST = "$(BUILT_PRODUCTS_DIR)/Modi.app/Modi";
			};
			name = Debug;
		};
		253CBBE41AF976DD008B5B2F /* Release */ = {
			isa = XCBuildConfiguration;
			buildSettings = {
				BUNDLE_LOADER = "$(TEST_HOST)";
				FRAMEWORK_SEARCH_PATHS = "";
				INFOPLIST_FILE = ModiTests/Info.plist;
				LD_RUNPATH_SEARCH_PATHS = "$(inherited) @executable_path/Frameworks @loader_path/Frameworks";
				PRODUCT_BUNDLE_IDENTIFIER = "rasoft.$(PRODUCT_NAME:rfc1034identifier)";
				PRODUCT_NAME = "$(TARGET_NAME)";
				TEST_HOST = "$(BUILT_PRODUCTS_DIR)/Modi.app/Modi";
			};
			name = Release;
		};
		254CC2391C238F94006CEA1A /* Debug */ = {
			isa = XCBuildConfiguration;
			buildSettings = {
				ASSETCATALOG_COMPILER_APPICON_NAME = AppIcon;
				CODE_SIGN_IDENTITY = "iPhone Developer";
				"CODE_SIGN_IDENTITY[sdk=iphoneos*]" = "iPhone Developer";
				DEBUG_INFORMATION_FORMAT = dwarf;
				EMBEDDED_CONTENT_CONTAINS_SWIFT = YES;
				ENABLE_BITCODE = YES;
				IBSC_MODULE = Modi_Watch_Extension;
				INFOPLIST_FILE = "Modi Watch/Info.plist";
				PRODUCT_BUNDLE_IDENTIFIER = rasoft.Modi.watchkitapp;
				PRODUCT_NAME = "$(TARGET_NAME)";
				SDKROOT = watchos;
				SKIP_INSTALL = YES;
				TARGETED_DEVICE_FAMILY = 4;
				WATCHOS_DEPLOYMENT_TARGET = 2.0;
			};
			name = Debug;
		};
		254CC23A1C238F94006CEA1A /* Release */ = {
			isa = XCBuildConfiguration;
			buildSettings = {
				ASSETCATALOG_COMPILER_APPICON_NAME = AppIcon;
				CODE_SIGN_IDENTITY = "iPhone Developer";
				"CODE_SIGN_IDENTITY[sdk=iphoneos*]" = "iPhone Developer";
				EMBEDDED_CONTENT_CONTAINS_SWIFT = YES;
				ENABLE_BITCODE = YES;
				IBSC_MODULE = Modi_Watch_Extension;
				INFOPLIST_FILE = "Modi Watch/Info.plist";
				PRODUCT_BUNDLE_IDENTIFIER = rasoft.Modi.watchkitapp;
				PRODUCT_NAME = "$(TARGET_NAME)";
				SDKROOT = watchos;
				SKIP_INSTALL = YES;
				TARGETED_DEVICE_FAMILY = 4;
				WATCHOS_DEPLOYMENT_TARGET = 2.0;
			};
			name = Release;
		};
		254CC23B1C238F94006CEA1A /* Debug */ = {
			isa = XCBuildConfiguration;
			buildSettings = {
				DEBUG_INFORMATION_FORMAT = dwarf;
				ENABLE_BITCODE = YES;
				INFOPLIST_FILE = "Modi Watch Extension/Info.plist";
				LD_RUNPATH_SEARCH_PATHS = "$(inherited) @executable_path/Frameworks @executable_path/../../Frameworks";
				PRODUCT_BUNDLE_IDENTIFIER = rasoft.Modi.watchkitapp.watchkitextension;
				PRODUCT_NAME = "${TARGET_NAME}";
				SDKROOT = watchos;
				SKIP_INSTALL = YES;
				TARGETED_DEVICE_FAMILY = 4;
				WATCHOS_DEPLOYMENT_TARGET = 2.1;
			};
			name = Debug;
		};
		254CC23C1C238F94006CEA1A /* Release */ = {
			isa = XCBuildConfiguration;
			buildSettings = {
				ENABLE_BITCODE = YES;
				INFOPLIST_FILE = "Modi Watch Extension/Info.plist";
				LD_RUNPATH_SEARCH_PATHS = "$(inherited) @executable_path/Frameworks @executable_path/../../Frameworks";
				PRODUCT_BUNDLE_IDENTIFIER = rasoft.Modi.watchkitapp.watchkitextension;
				PRODUCT_NAME = "${TARGET_NAME}";
				SDKROOT = watchos;
				SKIP_INSTALL = YES;
				TARGETED_DEVICE_FAMILY = 4;
				WATCHOS_DEPLOYMENT_TARGET = 2.1;
			};
			name = Release;
		};
/* End XCBuildConfiguration section */

/* Begin XCConfigurationList section */
		253CBBBB1AF976DD008B5B2F /* Build configuration list for PBXProject "Modi" */ = {
			isa = XCConfigurationList;
			buildConfigurations = (
				253CBBDD1AF976DD008B5B2F /* Debug */,
				253CBBDE1AF976DD008B5B2F /* Release */,
			);
			defaultConfigurationIsVisible = 0;
			defaultConfigurationName = Release;
		};
		253CBBDF1AF976DD008B5B2F /* Build configuration list for PBXNativeTarget "Modi" */ = {
			isa = XCConfigurationList;
			buildConfigurations = (
				253CBBE01AF976DD008B5B2F /* Debug */,
				253CBBE11AF976DD008B5B2F /* Release */,
			);
			defaultConfigurationIsVisible = 0;
			defaultConfigurationName = Release;
		};
		253CBBE21AF976DD008B5B2F /* Build configuration list for PBXNativeTarget "ModiTests" */ = {
			isa = XCConfigurationList;
			buildConfigurations = (
				253CBBE31AF976DD008B5B2F /* Debug */,
				253CBBE41AF976DD008B5B2F /* Release */,
			);
			defaultConfigurationIsVisible = 0;
			defaultConfigurationName = Release;
		};
		254CC23D1C238F94006CEA1A /* Build configuration list for PBXNativeTarget "Modi Watch Extension" */ = {
			isa = XCConfigurationList;
			buildConfigurations = (
				254CC23B1C238F94006CEA1A /* Debug */,
				254CC23C1C238F94006CEA1A /* Release */,
			);
			defaultConfigurationIsVisible = 0;
			defaultConfigurationName = Release;
		};
		254CC23F1C238F94006CEA1A /* Build configuration list for PBXNativeTarget "Modi Watch" */ = {
			isa = XCConfigurationList;
			buildConfigurations = (
				254CC2391C238F94006CEA1A /* Debug */,
				254CC23A1C238F94006CEA1A /* Release */,
			);
			defaultConfigurationIsVisible = 0;
			defaultConfigurationName = Release;
		};
/* End XCConfigurationList section */
	};
	rootObject = 253CBBB81AF976DD008B5B2F /* Project object */;
}
